// !$*UTF8*$!
{
	archiveVersion = 1;
	classes = {
	};
	objectVersion = 46;
	objects = {

/* Begin PBXBuildFile section */
		734408D219A43AE40056A166 /* Foundation.framework in Frameworks */ = {isa = PBXBuildFile; fileRef = 734408D119A43AE40056A166 /* Foundation.framework */; };
		734408D419A43AE40056A166 /* CoreGraphics.framework in Frameworks */ = {isa = PBXBuildFile; fileRef = 734408D319A43AE40056A166 /* CoreGraphics.framework */; };
		734408D619A43AE40056A166 /* UIKit.framework in Frameworks */ = {isa = PBXBuildFile; fileRef = 734408D519A43AE40056A166 /* UIKit.framework */; };
		734408DC19A43AE40056A166 /* InfoPlist.strings in Resources */ = {isa = PBXBuildFile; fileRef = 734408DA19A43AE40056A166 /* InfoPlist.strings */; };
		734408DE19A43AE40056A166 /* main.m in Sources */ = {isa = PBXBuildFile; fileRef = 734408DD19A43AE40056A166 /* main.m */; };
		734408E219A43AE40056A166 /* AppDelegate.m in Sources */ = {isa = PBXBuildFile; fileRef = 734408E119A43AE40056A166 /* AppDelegate.m */; };
		734408E419A43AE40056A166 /* Images.xcassets in Resources */ = {isa = PBXBuildFile; fileRef = 734408E319A43AE40056A166 /* Images.xcassets */; };
		734408EB19A43AE40056A166 /* XCTest.framework in Frameworks */ = {isa = PBXBuildFile; fileRef = 734408EA19A43AE40056A166 /* XCTest.framework */; };
		734408EC19A43AE40056A166 /* Foundation.framework in Frameworks */ = {isa = PBXBuildFile; fileRef = 734408D119A43AE40056A166 /* Foundation.framework */; };
		734408ED19A43AE40056A166 /* UIKit.framework in Frameworks */ = {isa = PBXBuildFile; fileRef = 734408D519A43AE40056A166 /* UIKit.framework */; };
		734408F519A43AE40056A166 /* InfoPlist.strings in Resources */ = {isa = PBXBuildFile; fileRef = 734408F319A43AE40056A166 /* InfoPlist.strings */; };
		734408F719A43AE40056A166 /* MindssageTests.m in Sources */ = {isa = PBXBuildFile; fileRef = 734408F619A43AE40056A166 /* MindssageTests.m */; };
/* End PBXBuildFile section */

/* Begin PBXContainerItemProxy section */
		734408EE19A43AE40056A166 /* PBXContainerItemProxy */ = {
			isa = PBXContainerItemProxy;
			containerPortal = 734408C619A43AE40056A166 /* Project object */;
			proxyType = 1;
			remoteGlobalIDString = 734408CD19A43AE40056A166;
			remoteInfo = Mindssage;
		};
/* End PBXContainerItemProxy section */

/* Begin PBXFileReference section */
		734408CE19A43AE40056A166 /* Mindssage.app */ = {isa = PBXFileReference; explicitFileType = wrapper.application; includeInIndex = 0; path = Mindssage.app; sourceTree = BUILT_PRODUCTS_DIR; };
		734408D119A43AE40056A166 /* Foundation.framework */ = {isa = PBXFileReference; lastKnownFileType = wrapper.framework; name = Foundation.framework; path = System/Library/Frameworks/Foundation.framework; sourceTree = SDKROOT; };
		734408D319A43AE40056A166 /* CoreGraphics.framework */ = {isa = PBXFileReference; lastKnownFileType = wrapper.framework; name = CoreGraphics.framework; path = System/Library/Frameworks/CoreGraphics.framework; sourceTree = SDKROOT; };
		734408D519A43AE40056A166 /* UIKit.framework */ = {isa = PBXFileReference; lastKnownFileType = wrapper.framework; name = UIKit.framework; path = System/Library/Frameworks/UIKit.framework; sourceTree = SDKROOT; };
		734408D919A43AE40056A166 /* Mindssage-Info.plist */ = {isa = PBXFileReference; lastKnownFileType = text.plist.xml; path = "Mindssage-Info.plist"; sourceTree = "<group>"; };
		734408DB19A43AE40056A166 /* en */ = {isa = PBXFileReference; lastKnownFileType = text.plist.strings; name = en; path = en.lproj/InfoPlist.strings; sourceTree = "<group>"; };
		734408DD19A43AE40056A166 /* main.m */ = {isa = PBXFileReference; lastKnownFileType = sourcecode.c.objc; path = main.m; sourceTree = "<group>"; };
		734408DF19A43AE40056A166 /* Mindssage-Prefix.pch */ = {isa = PBXFileReference; lastKnownFileType = sourcecode.c.h; path = "Mindssage-Prefix.pch"; sourceTree = "<group>"; };
		734408E019A43AE40056A166 /* AppDelegate.h */ = {isa = PBXFileReference; lastKnownFileType = sourcecode.c.h; path = AppDelegate.h; sourceTree = "<group>"; };
		734408E119A43AE40056A166 /* AppDelegate.m */ = {isa = PBXFileReference; lastKnownFileType = sourcecode.c.objc; path = AppDelegate.m; sourceTree = "<group>"; };
		734408E319A43AE40056A166 /* Images.xcassets */ = {isa = PBXFileReference; lastKnownFileType = folder.assetcatalog; path = Images.xcassets; sourceTree = "<group>"; };
		734408E919A43AE40056A166 /* MindssageTests.xctest */ = {isa = PBXFileReference; explicitFileType = wrapper.cfbundle; includeInIndex = 0; path = MindssageTests.xctest; sourceTree = BUILT_PRODUCTS_DIR; };
		734408EA19A43AE40056A166 /* XCTest.framework */ = {isa = PBXFileReference; lastKnownFileType = wrapper.framework; name = XCTest.framework; path = Library/Frameworks/XCTest.framework; sourceTree = DEVELOPER_DIR; };
		734408F219A43AE40056A166 /* MindssageTests-Info.plist */ = {isa = PBXFileReference; lastKnownFileType = text.plist.xml; path = "MindssageTests-Info.plist"; sourceTree = "<group>"; };
		734408F419A43AE40056A166 /* en */ = {isa = PBXFileReference; lastKnownFileType = text.plist.strings; name = en; path = en.lproj/InfoPlist.strings; sourceTree = "<group>"; };
		734408F619A43AE40056A166 /* MindssageTests.m */ = {isa = PBXFileReference; lastKnownFileType = sourcecode.c.objc; path = MindssageTests.m; sourceTree = "<group>"; };
/* End PBXFileReference section */

/* Begin PBXFrameworksBuildPhase section */
		734408CB19A43AE40056A166 /* Frameworks */ = {
			isa = PBXFrameworksBuildPhase;
			buildActionMask = 2147483647;
			files = (
				734408D419A43AE40056A166 /* CoreGraphics.framework in Frameworks */,
				734408D619A43AE40056A166 /* UIKit.framework in Frameworks */,
				734408D219A43AE40056A166 /* Foundation.framework in Frameworks */,
			);
			runOnlyForDeploymentPostprocessing = 0;
		};
		734408E619A43AE40056A166 /* Frameworks */ = {
			isa = PBXFrameworksBuildPhase;
			buildActionMask = 2147483647;
			files = (
				734408EB19A43AE40056A166 /* XCTest.framework in Frameworks */,
				734408ED19A43AE40056A166 /* UIKit.framework in Frameworks */,
				734408EC19A43AE40056A166 /* Foundation.framework in Frameworks */,
			);
			runOnlyForDeploymentPostprocessing = 0;
		};
/* End PBXFrameworksBuildPhase section */

/* Begin PBXGroup section */
		734408C519A43AE40056A166 = {
			isa = PBXGroup;
			children = (
				734408D719A43AE40056A166 /* Mindssage */,
				734408F019A43AE40056A166 /* MindssageTests */,
				734408D019A43AE40056A166 /* Frameworks */,
				734408CF19A43AE40056A166 /* Products */,
			);
			sourceTree = "<group>";
		};
		734408CF19A43AE40056A166 /* Products */ = {
			isa = PBXGroup;
			children = (
				734408CE19A43AE40056A166 /* Mindssage.app */,
				734408E919A43AE40056A166 /* MindssageTests.xctest */,
			);
			name = Products;
			sourceTree = "<group>";
		};
		734408D019A43AE40056A166 /* Frameworks */ = {
			isa = PBXGroup;
			children = (
				734408D119A43AE40056A166 /* Foundation.framework */,
				734408D319A43AE40056A166 /* CoreGraphics.framework */,
				734408D519A43AE40056A166 /* UIKit.framework */,
				734408EA19A43AE40056A166 /* XCTest.framework */,
			);
			name = Frameworks;
			sourceTree = "<group>";
		};
		734408D719A43AE40056A166 /* Mindssage */ = {
			isa = PBXGroup;
			children = (
				734408E019A43AE40056A166 /* AppDelegate.h */,
				734408E119A43AE40056A166 /* AppDelegate.m */,
				734408E319A43AE40056A166 /* Images.xcassets */,
				734408D819A43AE40056A166 /* Supporting Files */,
			);
			path = Mindssage;
			sourceTree = "<group>";
		};
		734408D819A43AE40056A166 /* Supporting Files */ = {
			isa = PBXGroup;
			children = (
				734408D919A43AE40056A166 /* Mindssage-Info.plist */,
				734408DA19A43AE40056A166 /* InfoPlist.strings */,
				734408DD19A43AE40056A166 /* main.m */,
				734408DF19A43AE40056A166 /* Mindssage-Prefix.pch */,
			);
			name = "Supporting Files";
			sourceTree = "<group>";
		};
		734408F019A43AE40056A166 /* MindssageTests */ = {
			isa = PBXGroup;
			children = (
				734408F619A43AE40056A166 /* MindssageTests.m */,
				734408F119A43AE40056A166 /* Supporting Files */,
			);
			path = MindssageTests;
			sourceTree = "<group>";
		};
		734408F119A43AE40056A166 /* Supporting Files */ = {
			isa = PBXGroup;
			children = (
				734408F219A43AE40056A166 /* MindssageTests-Info.plist */,
				734408F319A43AE40056A166 /* InfoPlist.strings */,
			);
			name = "Supporting Files";
			sourceTree = "<group>";
		};
/* End PBXGroup section */

/* Begin PBXNativeTarget section */
		734408CD19A43AE40056A166 /* Mindssage */ = {
			isa = PBXNativeTarget;
			buildConfigurationList = 734408FA19A43AE40056A166 /* Build configuration list for PBXNativeTarget "Mindssage" */;
			buildPhases = (
				734408CA19A43AE40056A166 /* Sources */,
				734408CB19A43AE40056A166 /* Frameworks */,
				734408CC19A43AE40056A166 /* Resources */,
			);
			buildRules = (
			);
			dependencies = (
			);
			name = Mindssage;
			productName = Mindssage;
			productReference = 734408CE19A43AE40056A166 /* Mindssage.app */;
			productType = "com.apple.product-type.application";
		};
		734408E819A43AE40056A166 /* MindssageTests */ = {
			isa = PBXNativeTarget;
			buildConfigurationList = 734408FD19A43AE40056A166 /* Build configuration list for PBXNativeTarget "MindssageTests" */;
			buildPhases = (
				734408E519A43AE40056A166 /* Sources */,
				734408E619A43AE40056A166 /* Frameworks */,
				734408E719A43AE40056A166 /* Resources */,
			);
			buildRules = (
			);
			dependencies = (
				734408EF19A43AE40056A166 /* PBXTargetDependency */,
			);
			name = MindssageTests;
			productName = MindssageTests;
			productReference = 734408E919A43AE40056A166 /* MindssageTests.xctest */;
			productType = "com.apple.product-type.bundle.unit-test";
		};
/* End PBXNativeTarget section */

/* Begin PBXProject section */
		734408C619A43AE40056A166 /* Project object */ = {
			isa = PBXProject;
			attributes = {
				LastUpgradeCheck = 0510;
				TargetAttributes = {
					734408E819A43AE40056A166 = {
						TestTargetID = 734408CD19A43AE40056A166;
					};
				};
			};
			buildConfigurationList = 734408C919A43AE40056A166 /* Build configuration list for PBXProject "Mindssage" */;
			compatibilityVersion = "Xcode 3.2";
			developmentRegion = English;
			hasScannedForEncodings = 0;
			knownRegions = (
				en,
			);
			mainGroup = 734408C519A43AE40056A166;
			productRefGroup = 734408CF19A43AE40056A166 /* Products */;
			projectDirPath = "";
			projectRoot = "";
			targets = (
				734408CD19A43AE40056A166 /* Mindssage */,
				734408E819A43AE40056A166 /* MindssageTests */,
			);
		};
/* End PBXProject section */

/* Begin PBXResourcesBuildPhase section */
		734408CC19A43AE40056A166 /* Resources */ = {
			isa = PBXResourcesBuildPhase;
			buildActionMask = 2147483647;
			files = (
				734408DC19A43AE40056A166 /* InfoPlist.strings in Resources */,
				734408E419A43AE40056A166 /* Images.xcassets in Resources */,
			);
			runOnlyForDeploymentPostprocessing = 0;
		};
		734408E719A43AE40056A166 /* Resources */ = {
			isa = PBXResourcesBuildPhase;
			buildActionMask = 2147483647;
			files = (
				734408F519A43AE40056A166 /* InfoPlist.strings in Resources */,
			);
			runOnlyForDeploymentPostprocessing = 0;
		};
/* End PBXResourcesBuildPhase section */

/* Begin PBXSourcesBuildPhase section */
		734408CA19A43AE40056A166 /* Sources */ = {
			isa = PBXSourcesBuildPhase;
			buildActionMask = 2147483647;
			files = (
				734408E219A43AE40056A166 /* AppDelegate.m in Sources */,
				734408DE19A43AE40056A166 /* main.m in Sources */,
			);
			runOnlyForDeploymentPostprocessing = 0;
		};
		734408E519A43AE40056A166 /* Sources */ = {
			isa = PBXSourcesBuildPhase;
			buildActionMask = 2147483647;
			files = (
				734408F719A43AE40056A166 /* MindssageTests.m in Sources */,
			);
			runOnlyForDeploymentPostprocessing = 0;
		};
/* End PBXSourcesBuildPhase section */

/* Begin PBXTargetDependency section */
		734408EF19A43AE40056A166 /* PBXTargetDependency */ = {
			isa = PBXTargetDependency;
			target = 734408CD19A43AE40056A166 /* Mindssage */;
			targetProxy = 734408EE19A43AE40056A166 /* PBXContainerItemProxy */;
		};
/* End PBXTargetDependency section */

/* Begin PBXVariantGroup section */
		734408DA19A43AE40056A166 /* InfoPlist.strings */ = {
			isa = PBXVariantGroup;
			children = (
				734408DB19A43AE40056A166 /* en */,
			);
			name = InfoPlist.strings;
			sourceTree = "<group>";
		};
		734408F319A43AE40056A166 /* InfoPlist.strings */ = {
			isa = PBXVariantGroup;
			children = (
				734408F419A43AE40056A166 /* en */,
			);
			name = InfoPlist.strings;
			sourceTree = "<group>";
		};
/* End PBXVariantGroup section */

/* Begin XCBuildConfiguration section */
		734408F819A43AE40056A166 /* Debug */ = {
			isa = XCBuildConfiguration;
			buildSettings = {
				ALWAYS_SEARCH_USER_PATHS = NO;
				CLANG_CXX_LANGUAGE_STANDARD = "gnu++0x";
				CLANG_CXX_LIBRARY = "libc++";
				CLANG_ENABLE_MODULES = YES;
				CLANG_ENABLE_OBJC_ARC = YES;
				CLANG_WARN_BOOL_CONVERSION = YES;
				CLANG_WARN_CONSTANT_CONVERSION = YES;
				CLANG_WARN_DIRECT_OBJC_ISA_USAGE = YES_ERROR;
				CLANG_WARN_EMPTY_BODY = YES;
				CLANG_WARN_ENUM_CONVERSION = YES;
				CLANG_WARN_INT_CONVERSION = YES;
				CLANG_WARN_OBJC_ROOT_CLASS = YES_ERROR;
				CLANG_WARN__DUPLICATE_METHOD_MATCH = YES;
				"CODE_SIGN_IDENTITY[sdk=iphoneos*]" = "iPhone Developer";
				COPY_PHASE_STRIP = NO;
				GCC_C_LANGUAGE_STANDARD = gnu99;
				GCC_DYNAMIC_NO_PIC = NO;
				GCC_OPTIMIZATION_LEVEL = 0;
				GCC_PREPROCESSOR_DEFINITIONS = (
					"DEBUG=1",
					"$(inherited)",
				);
				GCC_SYMBOLS_PRIVATE_EXTERN = NO;
				GCC_WARN_64_TO_32_BIT_CONVERSION = YES;
				GCC_WARN_ABOUT_RETURN_TYPE = YES_ERROR;
				GCC_WARN_UNDECLARED_SELECTOR = YES;
				GCC_WARN_UNINITIALIZED_AUTOS = YES_AGGRESSIVE;
				GCC_WARN_UNUSED_FUNCTION = YES;
				GCC_WARN_UNUSED_VARIABLE = YES;
				IPHONEOS_DEPLOYMENT_TARGET = 7.1;
				ONLY_ACTIVE_ARCH = YES;
				SDKROOT = iphoneos;
			};
			name = Debug;
		};
		734408F919A43AE40056A166 /* Release */ = {
			isa = XCBuildConfiguration;
			buildSettings = {
				ALWAYS_SEARCH_USER_PATHS = NO;
				CLANG_CXX_LANGUAGE_STANDARD = "gnu++0x";
				CLANG_CXX_LIBRARY = "libc++";
				CLANG_ENABLE_MODULES = YES;
				CLANG_ENABLE_OBJC_ARC = YES;
				CLANG_WARN_BOOL_CONVERSION = YES;
				CLANG_WARN_CONSTANT_CONVERSION = YES;
				CLANG_WARN_DIRECT_OBJC_ISA_USAGE = YES_ERROR;
				CLANG_WARN_EMPTY_BODY = YES;
				CLANG_WARN_ENUM_CONVERSION = YES;
				CLANG_WARN_INT_CONVERSION = YES;
				CLANG_WARN_OBJC_ROOT_CLASS = YES_ERROR;
				CLANG_WARN__DUPLICATE_METHOD_MATCH = YES;
				"CODE_SIGN_IDENTITY[sdk=iphoneos*]" = "iPhone Developer";
				COPY_PHASE_STRIP = YES;
				ENABLE_NS_ASSERTIONS = NO;
				GCC_C_LANGUAGE_STANDARD = gnu99;
				GCC_WARN_64_TO_32_BIT_CONVERSION = YES;
				GCC_WARN_ABOUT_RETURN_TYPE = YES_ERROR;
				GCC_WARN_UNDECLARED_SELECTOR = YES;
				GCC_WARN_UNINITIALIZED_AUTOS = YES_AGGRESSIVE;
				GCC_WARN_UNUSED_FUNCTION = YES;
				GCC_WARN_UNUSED_VARIABLE = YES;
				IPHONEOS_DEPLOYMENT_TARGET = 7.1;
				SDKROOT = iphoneos;
				VALIDATE_PRODUCT = YES;
			};
			name = Release;
		};
		734408FB19A43AE40056A166 /* Debug */ = {
			isa = XCBuildConfiguration;
			buildSettings = {
				ASSETCATALOG_COMPILER_APPICON_NAME = AppIcon;
				ASSETCATALOG_COMPILER_LAUNCHIMAGE_NAME = LaunchImage;
				GCC_PRECOMPILE_PREFIX_HEADER = YES;
				GCC_PREFIX_HEADER = "Mindssage/Mindssage-Prefix.pch";
				INFOPLIST_FILE = "Mindssage/Mindssage-Info.plist";
				PRODUCT_NAME = "$(TARGET_NAME)";
				WRAPPER_EXTENSION = app;
			};
			name = Debug;
		};
		734408FC19A43AE40056A166 /* Release */ = {
			isa = XCBuildConfiguration;
			buildSettings = {
				ASSETCATALOG_COMPILER_APPICON_NAME = AppIcon;
				ASSETCATALOG_COMPILER_LAUNCHIMAGE_NAME = LaunchImage;
				GCC_PRECOMPILE_PREFIX_HEADER = YES;
				GCC_PREFIX_HEADER = "Mindssage/Mindssage-Prefix.pch";
				INFOPLIST_FILE = "Mindssage/Mindssage-Info.plist";
				PRODUCT_NAME = "$(TARGET_NAME)";
				WRAPPER_EXTENSION = app;
			};
			name = Release;
		};
		734408FE19A43AE40056A166 /* Debug */ = {
			isa = XCBuildConfiguration;
			buildSettings = {
				BUNDLE_LOADER = "$(BUILT_PRODUCTS_DIR)/Mindssage.app/Mindssage";
				FRAMEWORK_SEARCH_PATHS = (
					"$(SDKROOT)/Developer/Library/Frameworks",
					"$(inherited)",
					"$(DEVELOPER_FRAMEWORKS_DIR)",
				);
				GCC_PRECOMPILE_PREFIX_HEADER = YES;
				GCC_PREFIX_HEADER = "Mindssage/Mindssage-Prefix.pch";
				GCC_PREPROCESSOR_DEFINITIONS = (
					"DEBUG=1",
					"$(inherited)",
				);
				INFOPLIST_FILE = "MindssageTests/MindssageTests-Info.plist";
				PRODUCT_NAME = "$(TARGET_NAME)";
				TEST_HOST = "$(BUNDLE_LOADER)";
				WRAPPER_EXTENSION = xctest;
			};
			name = Debug;
		};
		734408FF19A43AE40056A166 /* Release */ = {
			isa = XCBuildConfiguration;
			buildSettings = {
				BUNDLE_LOADER = "$(BUILT_PRODUCTS_DIR)/Mindssage.app/Mindssage";
				FRAMEWORK_SEARCH_PATHS = (
					"$(SDKROOT)/Developer/Library/Frameworks",
					"$(inherited)",
					"$(DEVELOPER_FRAMEWORKS_DIR)",
				);
				GCC_PRECOMPILE_PREFIX_HEADER = YES;
				GCC_PREFIX_HEADER = "Mindssage/Mindssage-Prefix.pch";
				INFOPLIST_FILE = "MindssageTests/MindssageTests-Info.plist";
				PRODUCT_NAME = "$(TARGET_NAME)";
				TEST_HOST = "$(BUNDLE_LOADER)";
				WRAPPER_EXTENSION = xctest;
			};
			name = Release;
		};
/* End XCBuildConfiguration section */

/* Begin XCConfigurationList section */
		734408C919A43AE40056A166 /* Build configuration list for PBXProject "Mindssage" */ = {
			isa = XCConfigurationList;
			buildConfigurations = (
				734408F819A43AE40056A166 /* Debug */,
				734408F919A43AE40056A166 /* Release */,
			);
			defaultConfigurationIsVisible = 0;
			defaultConfigurationName = Release;
		};
		734408FA19A43AE40056A166 /* Build configuration list for PBXNativeTarget "Mindssage" */ = {
			isa = XCConfigurationList;
			buildConfigurations = (
				734408FB19A43AE40056A166 /* Debug */,
				734408FC19A43AE40056A166 /* Release */,
			);
			defaultConfigurationIsVisible = 0;
		};
		734408FD19A43AE40056A166 /* Build configuration list for PBXNativeTarget "MindssageTests" */ = {
			isa = XCConfigurationList;
			buildConfigurations = (
				734408FE19A43AE40056A166 /* Debug */,
				734408FF19A43AE40056A166 /* Release */,
			);
			defaultConfigurationIsVisible = 0;
		};
/* End XCConfigurationList section */
	};
	rootObject = 734408C619A43AE40056A166 /* Project object */;
}
