// !$*UTF8*$!
{
	archiveVersion = 1;
	classes = {
	};
	objectVersion = 46;
	objects = {

/* Begin PBXBuildFile section */
		73E873BD19B9BDCE00D5179C /* Foundation.framework in Frameworks */ = {isa = PBXBuildFile; fileRef = 73E873BC19B9BDCE00D5179C /* Foundation.framework */; };
		73E873BF19B9BDCE00D5179C /* CoreGraphics.framework in Frameworks */ = {isa = PBXBuildFile; fileRef = 73E873BE19B9BDCE00D5179C /* CoreGraphics.framework */; };
		73E873C119B9BDCE00D5179C /* UIKit.framework in Frameworks */ = {isa = PBXBuildFile; fileRef = 73E873C019B9BDCE00D5179C /* UIKit.framework */; };
		73E873C719B9BDCE00D5179C /* InfoPlist.strings in Resources */ = {isa = PBXBuildFile; fileRef = 73E873C519B9BDCE00D5179C /* InfoPlist.strings */; };
		73E873C919B9BDCE00D5179C /* main.m in Sources */ = {isa = PBXBuildFile; fileRef = 73E873C819B9BDCE00D5179C /* main.m */; };
		73E873CD19B9BDCE00D5179C /* AppDelegate.m in Sources */ = {isa = PBXBuildFile; fileRef = 73E873CC19B9BDCE00D5179C /* AppDelegate.m */; };
		73E873D019B9BDCE00D5179C /* Main.storyboard in Resources */ = {isa = PBXBuildFile; fileRef = 73E873CE19B9BDCE00D5179C /* Main.storyboard */; };
		73E873D319B9BDCE00D5179C /* ViewController.m in Sources */ = {isa = PBXBuildFile; fileRef = 73E873D219B9BDCE00D5179C /* ViewController.m */; };
		73E873D519B9BDCE00D5179C /* Images.xcassets in Resources */ = {isa = PBXBuildFile; fileRef = 73E873D419B9BDCE00D5179C /* Images.xcassets */; };
		73E873DC19B9BDCE00D5179C /* XCTest.framework in Frameworks */ = {isa = PBXBuildFile; fileRef = 73E873DB19B9BDCE00D5179C /* XCTest.framework */; };
		73E873DD19B9BDCE00D5179C /* Foundation.framework in Frameworks */ = {isa = PBXBuildFile; fileRef = 73E873BC19B9BDCE00D5179C /* Foundation.framework */; };
		73E873DE19B9BDCE00D5179C /* UIKit.framework in Frameworks */ = {isa = PBXBuildFile; fileRef = 73E873C019B9BDCE00D5179C /* UIKit.framework */; };
		73E873E619B9BDCE00D5179C /* InfoPlist.strings in Resources */ = {isa = PBXBuildFile; fileRef = 73E873E419B9BDCE00D5179C /* InfoPlist.strings */; };
		73E873E819B9BDCE00D5179C /* DynamicCellHeightWithAutoLayoutTests.m in Sources */ = {isa = PBXBuildFile; fileRef = 73E873E719B9BDCE00D5179C /* DynamicCellHeightWithAutoLayoutTests.m */; };
		73E873F419B9BEA800D5179C /* TableViewCell.m in Sources */ = {isa = PBXBuildFile; fileRef = 73E873F219B9BEA800D5179C /* TableViewCell.m */; };
		73E873F619B9C49F00D5179C /* TableViewCell.xib in Resources */ = {isa = PBXBuildFile; fileRef = 73E873F319B9BEA800D5179C /* TableViewCell.xib */; };
/* End PBXBuildFile section */

/* Begin PBXContainerItemProxy section */
		73E873DF19B9BDCE00D5179C /* PBXContainerItemProxy */ = {
			isa = PBXContainerItemProxy;
			containerPortal = 73E873B119B9BDCE00D5179C /* Project object */;
			proxyType = 1;
			remoteGlobalIDString = 73E873B819B9BDCE00D5179C;
			remoteInfo = DynamicCellHeightWithAutoLayout;
		};
/* End PBXContainerItemProxy section */

/* Begin PBXFileReference section */
		73E873B919B9BDCE00D5179C /* DynamicCellHeightWithAutoLayout.app */ = {isa = PBXFileReference; explicitFileType = wrapper.application; includeInIndex = 0; path = DynamicCellHeightWithAutoLayout.app; sourceTree = BUILT_PRODUCTS_DIR; };
		73E873BC19B9BDCE00D5179C /* Foundation.framework */ = {isa = PBXFileReference; lastKnownFileType = wrapper.framework; name = Foundation.framework; path = System/Library/Frameworks/Foundation.framework; sourceTree = SDKROOT; };
		73E873BE19B9BDCE00D5179C /* CoreGraphics.framework */ = {isa = PBXFileReference; lastKnownFileType = wrapper.framework; name = CoreGraphics.framework; path = System/Library/Frameworks/CoreGraphics.framework; sourceTree = SDKROOT; };
		73E873C019B9BDCE00D5179C /* UIKit.framework */ = {isa = PBXFileReference; lastKnownFileType = wrapper.framework; name = UIKit.framework; path = System/Library/Frameworks/UIKit.framework; sourceTree = SDKROOT; };
		73E873C419B9BDCE00D5179C /* DynamicCellHeightWithAutoLayout-Info.plist */ = {isa = PBXFileReference; lastKnownFileType = text.plist.xml; path = "DynamicCellHeightWithAutoLayout-Info.plist"; sourceTree = "<group>"; };
		73E873C619B9BDCE00D5179C /* en */ = {isa = PBXFileReference; lastKnownFileType = text.plist.strings; name = en; path = en.lproj/InfoPlist.strings; sourceTree = "<group>"; };
		73E873C819B9BDCE00D5179C /* main.m */ = {isa = PBXFileReference; lastKnownFileType = sourcecode.c.objc; path = main.m; sourceTree = "<group>"; };
		73E873CA19B9BDCE00D5179C /* DynamicCellHeightWithAutoLayout-Prefix.pch */ = {isa = PBXFileReference; lastKnownFileType = sourcecode.c.h; path = "DynamicCellHeightWithAutoLayout-Prefix.pch"; sourceTree = "<group>"; };
		73E873CB19B9BDCE00D5179C /* AppDelegate.h */ = {isa = PBXFileReference; lastKnownFileType = sourcecode.c.h; path = AppDelegate.h; sourceTree = "<group>"; };
		73E873CC19B9BDCE00D5179C /* AppDelegate.m */ = {isa = PBXFileReference; lastKnownFileType = sourcecode.c.objc; path = AppDelegate.m; sourceTree = "<group>"; };
		73E873CF19B9BDCE00D5179C /* Base */ = {isa = PBXFileReference; lastKnownFileType = file.storyboard; name = Base; path = Base.lproj/Main.storyboard; sourceTree = "<group>"; };
		73E873D119B9BDCE00D5179C /* ViewController.h */ = {isa = PBXFileReference; lastKnownFileType = sourcecode.c.h; path = ViewController.h; sourceTree = "<group>"; };
		73E873D219B9BDCE00D5179C /* ViewController.m */ = {isa = PBXFileReference; lastKnownFileType = sourcecode.c.objc; path = ViewController.m; sourceTree = "<group>"; };
		73E873D419B9BDCE00D5179C /* Images.xcassets */ = {isa = PBXFileReference; lastKnownFileType = folder.assetcatalog; path = Images.xcassets; sourceTree = "<group>"; };
		73E873DA19B9BDCE00D5179C /* DynamicCellHeightWithAutoLayoutTests.xctest */ = {isa = PBXFileReference; explicitFileType = wrapper.cfbundle; includeInIndex = 0; path = DynamicCellHeightWithAutoLayoutTests.xctest; sourceTree = BUILT_PRODUCTS_DIR; };
		73E873DB19B9BDCE00D5179C /* XCTest.framework */ = {isa = PBXFileReference; lastKnownFileType = wrapper.framework; name = XCTest.framework; path = Library/Frameworks/XCTest.framework; sourceTree = DEVELOPER_DIR; };
		73E873E319B9BDCE00D5179C /* DynamicCellHeightWithAutoLayoutTests-Info.plist */ = {isa = PBXFileReference; lastKnownFileType = text.plist.xml; path = "DynamicCellHeightWithAutoLayoutTests-Info.plist"; sourceTree = "<group>"; };
		73E873E519B9BDCE00D5179C /* en */ = {isa = PBXFileReference; lastKnownFileType = text.plist.strings; name = en; path = en.lproj/InfoPlist.strings; sourceTree = "<group>"; };
		73E873E719B9BDCE00D5179C /* DynamicCellHeightWithAutoLayoutTests.m */ = {isa = PBXFileReference; lastKnownFileType = sourcecode.c.objc; path = DynamicCellHeightWithAutoLayoutTests.m; sourceTree = "<group>"; };
		73E873F119B9BEA800D5179C /* TableViewCell.h */ = {isa = PBXFileReference; fileEncoding = 4; lastKnownFileType = sourcecode.c.h; path = TableViewCell.h; sourceTree = "<group>"; };
		73E873F219B9BEA800D5179C /* TableViewCell.m */ = {isa = PBXFileReference; fileEncoding = 4; lastKnownFileType = sourcecode.c.objc; path = TableViewCell.m; sourceTree = "<group>"; };
		73E873F319B9BEA800D5179C /* TableViewCell.xib */ = {isa = PBXFileReference; fileEncoding = 4; lastKnownFileType = file.xib; path = TableViewCell.xib; sourceTree = "<group>"; };
/* End PBXFileReference section */

/* Begin PBXFrameworksBuildPhase section */
		73E873B619B9BDCE00D5179C /* Frameworks */ = {
			isa = PBXFrameworksBuildPhase;
			buildActionMask = 2147483647;
			files = (
				73E873BF19B9BDCE00D5179C /* CoreGraphics.framework in Frameworks */,
				73E873C119B9BDCE00D5179C /* UIKit.framework in Frameworks */,
				73E873BD19B9BDCE00D5179C /* Foundation.framework in Frameworks */,
			);
			runOnlyForDeploymentPostprocessing = 0;
		};
		73E873D719B9BDCE00D5179C /* Frameworks */ = {
			isa = PBXFrameworksBuildPhase;
			buildActionMask = 2147483647;
			files = (
				73E873DC19B9BDCE00D5179C /* XCTest.framework in Frameworks */,
				73E873DE19B9BDCE00D5179C /* UIKit.framework in Frameworks */,
				73E873DD19B9BDCE00D5179C /* Foundation.framework in Frameworks */,
			);
			runOnlyForDeploymentPostprocessing = 0;
		};
/* End PBXFrameworksBuildPhase section */

/* Begin PBXGroup section */
		73E873B019B9BDCE00D5179C = {
			isa = PBXGroup;
			children = (
				73E873C219B9BDCE00D5179C /* DynamicCellHeightWithAutoLayout */,
				73E873E119B9BDCE00D5179C /* DynamicCellHeightWithAutoLayoutTests */,
				73E873BB19B9BDCE00D5179C /* Frameworks */,
				73E873BA19B9BDCE00D5179C /* Products */,
			);
			sourceTree = "<group>";
		};
		73E873BA19B9BDCE00D5179C /* Products */ = {
			isa = PBXGroup;
			children = (
				73E873B919B9BDCE00D5179C /* DynamicCellHeightWithAutoLayout.app */,
				73E873DA19B9BDCE00D5179C /* DynamicCellHeightWithAutoLayoutTests.xctest */,
			);
			name = Products;
			sourceTree = "<group>";
		};
		73E873BB19B9BDCE00D5179C /* Frameworks */ = {
			isa = PBXGroup;
			children = (
				73E873BC19B9BDCE00D5179C /* Foundation.framework */,
				73E873BE19B9BDCE00D5179C /* CoreGraphics.framework */,
				73E873C019B9BDCE00D5179C /* UIKit.framework */,
				73E873DB19B9BDCE00D5179C /* XCTest.framework */,
			);
			name = Frameworks;
			sourceTree = "<group>";
		};
		73E873C219B9BDCE00D5179C /* DynamicCellHeightWithAutoLayout */ = {
			isa = PBXGroup;
			children = (
				73E873CB19B9BDCE00D5179C /* AppDelegate.h */,
				73E873CC19B9BDCE00D5179C /* AppDelegate.m */,
				73E873CE19B9BDCE00D5179C /* Main.storyboard */,
				73E873D119B9BDCE00D5179C /* ViewController.h */,
				73E873D219B9BDCE00D5179C /* ViewController.m */,
				73E873F119B9BEA800D5179C /* TableViewCell.h */,
				73E873F219B9BEA800D5179C /* TableViewCell.m */,
				73E873F319B9BEA800D5179C /* TableViewCell.xib */,
				73E873D419B9BDCE00D5179C /* Images.xcassets */,
				73E873C319B9BDCE00D5179C /* Supporting Files */,
			);
			path = DynamicCellHeightWithAutoLayout;
			sourceTree = "<group>";
		};
		73E873C319B9BDCE00D5179C /* Supporting Files */ = {
			isa = PBXGroup;
			children = (
				73E873C419B9BDCE00D5179C /* DynamicCellHeightWithAutoLayout-Info.plist */,
				73E873C519B9BDCE00D5179C /* InfoPlist.strings */,
				73E873C819B9BDCE00D5179C /* main.m */,
				73E873CA19B9BDCE00D5179C /* DynamicCellHeightWithAutoLayout-Prefix.pch */,
			);
			name = "Supporting Files";
			sourceTree = "<group>";
		};
		73E873E119B9BDCE00D5179C /* DynamicCellHeightWithAutoLayoutTests */ = {
			isa = PBXGroup;
			children = (
				73E873E719B9BDCE00D5179C /* DynamicCellHeightWithAutoLayoutTests.m */,
				73E873E219B9BDCE00D5179C /* Supporting Files */,
			);
			path = DynamicCellHeightWithAutoLayoutTests;
			sourceTree = "<group>";
		};
		73E873E219B9BDCE00D5179C /* Supporting Files */ = {
			isa = PBXGroup;
			children = (
				73E873E319B9BDCE00D5179C /* DynamicCellHeightWithAutoLayoutTests-Info.plist */,
				73E873E419B9BDCE00D5179C /* InfoPlist.strings */,
			);
			name = "Supporting Files";
			sourceTree = "<group>";
		};
/* End PBXGroup section */

/* Begin PBXNativeTarget section */
		73E873B819B9BDCE00D5179C /* DynamicCellHeightWithAutoLayout */ = {
			isa = PBXNativeTarget;
			buildConfigurationList = 73E873EB19B9BDCE00D5179C /* Build configuration list for PBXNativeTarget "DynamicCellHeightWithAutoLayout" */;
			buildPhases = (
				73E873B519B9BDCE00D5179C /* Sources */,
				73E873B619B9BDCE00D5179C /* Frameworks */,
				73E873B719B9BDCE00D5179C /* Resources */,
			);
			buildRules = (
			);
			dependencies = (
			);
			name = DynamicCellHeightWithAutoLayout;
			productName = DynamicCellHeightWithAutoLayout;
			productReference = 73E873B919B9BDCE00D5179C /* DynamicCellHeightWithAutoLayout.app */;
			productType = "com.apple.product-type.application";
		};
		73E873D919B9BDCE00D5179C /* DynamicCellHeightWithAutoLayoutTests */ = {
			isa = PBXNativeTarget;
			buildConfigurationList = 73E873EE19B9BDCE00D5179C /* Build configuration list for PBXNativeTarget "DynamicCellHeightWithAutoLayoutTests" */;
			buildPhases = (
				73E873D619B9BDCE00D5179C /* Sources */,
				73E873D719B9BDCE00D5179C /* Frameworks */,
				73E873D819B9BDCE00D5179C /* Resources */,
			);
			buildRules = (
			);
			dependencies = (
				73E873E019B9BDCE00D5179C /* PBXTargetDependency */,
			);
			name = DynamicCellHeightWithAutoLayoutTests;
			productName = DynamicCellHeightWithAutoLayoutTests;
			productReference = 73E873DA19B9BDCE00D5179C /* DynamicCellHeightWithAutoLayoutTests.xctest */;
			productType = "com.apple.product-type.bundle.unit-test";
		};
/* End PBXNativeTarget section */

/* Begin PBXProject section */
		73E873B119B9BDCE00D5179C /* Project object */ = {
			isa = PBXProject;
			attributes = {
				LastUpgradeCheck = 0510;
				ORGANIZATIONNAME = "___FULLUSERNAME___";
				TargetAttributes = {
					73E873D919B9BDCE00D5179C = {
						TestTargetID = 73E873B819B9BDCE00D5179C;
					};
				};
			};
			buildConfigurationList = 73E873B419B9BDCE00D5179C /* Build configuration list for PBXProject "DynamicCellHeightWithAutoLayout" */;
			compatibilityVersion = "Xcode 3.2";
			developmentRegion = English;
			hasScannedForEncodings = 0;
			knownRegions = (
				en,
				Base,
			);
			mainGroup = 73E873B019B9BDCE00D5179C;
			productRefGroup = 73E873BA19B9BDCE00D5179C /* Products */;
			projectDirPath = "";
			projectRoot = "";
			targets = (
				73E873B819B9BDCE00D5179C /* DynamicCellHeightWithAutoLayout */,
				73E873D919B9BDCE00D5179C /* DynamicCellHeightWithAutoLayoutTests */,
			);
		};
/* End PBXProject section */

/* Begin PBXResourcesBuildPhase section */
		73E873B719B9BDCE00D5179C /* Resources */ = {
			isa = PBXResourcesBuildPhase;
			buildActionMask = 2147483647;
			files = (
				73E873D519B9BDCE00D5179C /* Images.xcassets in Resources */,
				73E873F619B9C49F00D5179C /* TableViewCell.xib in Resources */,
				73E873C719B9BDCE00D5179C /* InfoPlist.strings in Resources */,
				73E873D019B9BDCE00D5179C /* Main.storyboard in Resources */,
			);
			runOnlyForDeploymentPostprocessing = 0;
		};
		73E873D819B9BDCE00D5179C /* Resources */ = {
			isa = PBXResourcesBuildPhase;
			buildActionMask = 2147483647;
			files = (
				73E873E619B9BDCE00D5179C /* InfoPlist.strings in Resources */,
			);
			runOnlyForDeploymentPostprocessing = 0;
		};
/* End PBXResourcesBuildPhase section */

/* Begin PBXSourcesBuildPhase section */
		73E873B519B9BDCE00D5179C /* Sources */ = {
			isa = PBXSourcesBuildPhase;
			buildActionMask = 2147483647;
			files = (
				73E873D319B9BDCE00D5179C /* ViewController.m in Sources */,
				73E873F419B9BEA800D5179C /* TableViewCell.m in Sources */,
				73E873CD19B9BDCE00D5179C /* AppDelegate.m in Sources */,
				73E873C919B9BDCE00D5179C /* main.m in Sources */,
			);
			runOnlyForDeploymentPostprocessing = 0;
		};
		73E873D619B9BDCE00D5179C /* Sources */ = {
			isa = PBXSourcesBuildPhase;
			buildActionMask = 2147483647;
			files = (
				73E873E819B9BDCE00D5179C /* DynamicCellHeightWithAutoLayoutTests.m in Sources */,
			);
			runOnlyForDeploymentPostprocessing = 0;
		};
/* End PBXSourcesBuildPhase section */

/* Begin PBXTargetDependency section */
		73E873E019B9BDCE00D5179C /* PBXTargetDependency */ = {
			isa = PBXTargetDependency;
			target = 73E873B819B9BDCE00D5179C /* DynamicCellHeightWithAutoLayout */;
			targetProxy = 73E873DF19B9BDCE00D5179C /* PBXContainerItemProxy */;
		};
/* End PBXTargetDependency section */

/* Begin PBXVariantGroup section */
		73E873C519B9BDCE00D5179C /* InfoPlist.strings */ = {
			isa = PBXVariantGroup;
			children = (
				73E873C619B9BDCE00D5179C /* en */,
			);
			name = InfoPlist.strings;
			sourceTree = "<group>";
		};
		73E873CE19B9BDCE00D5179C /* Main.storyboard */ = {
			isa = PBXVariantGroup;
			children = (
				73E873CF19B9BDCE00D5179C /* Base */,
			);
			name = Main.storyboard;
			sourceTree = "<group>";
		};
		73E873E419B9BDCE00D5179C /* InfoPlist.strings */ = {
			isa = PBXVariantGroup;
			children = (
				73E873E519B9BDCE00D5179C /* en */,
			);
			name = InfoPlist.strings;
			sourceTree = "<group>";
		};
/* End PBXVariantGroup section */

/* Begin XCBuildConfiguration section */
		73E873E919B9BDCE00D5179C /* Debug */ = {
			isa = XCBuildConfiguration;
			buildSettings = {
				ALWAYS_SEARCH_USER_PATHS = NO;
				CLANG_CXX_LANGUAGE_STANDARD = "gnu++0x";
				CLANG_CXX_LIBRARY = "libc++";
				CLANG_ENABLE_MODULES = YES;
				CLANG_ENABLE_OBJC_ARC = YES;
				CLANG_WARN_BOOL_CONVERSION = YES;
				CLANG_WARN_CONSTANT_CONVERSION = YES;
				CLANG_WARN_DIRECT_OBJC_ISA_USAGE = YES_ERROR;
				CLANG_WARN_EMPTY_BODY = YES;
				CLANG_WARN_ENUM_CONVERSION = YES;
				CLANG_WARN_INT_CONVERSION = YES;
				CLANG_WARN_OBJC_ROOT_CLASS = YES_ERROR;
				CLANG_WARN__DUPLICATE_METHOD_MATCH = YES;
				"CODE_SIGN_IDENTITY[sdk=iphoneos*]" = "iPhone Developer";
				COPY_PHASE_STRIP = NO;
				GCC_C_LANGUAGE_STANDARD = gnu99;
				GCC_DYNAMIC_NO_PIC = NO;
				GCC_OPTIMIZATION_LEVEL = 0;
				GCC_PREPROCESSOR_DEFINITIONS = (
					"DEBUG=1",
					"$(inherited)",
				);
				GCC_SYMBOLS_PRIVATE_EXTERN = NO;
				GCC_WARN_64_TO_32_BIT_CONVERSION = YES;
				GCC_WARN_ABOUT_RETURN_TYPE = YES_ERROR;
				GCC_WARN_UNDECLARED_SELECTOR = YES;
				GCC_WARN_UNINITIALIZED_AUTOS = YES_AGGRESSIVE;
				GCC_WARN_UNUSED_FUNCTION = YES;
				GCC_WARN_UNUSED_VARIABLE = YES;
				IPHONEOS_DEPLOYMENT_TARGET = 7.1;
				ONLY_ACTIVE_ARCH = YES;
				SDKROOT = iphoneos;
			};
			name = Debug;
		};
		73E873EA19B9BDCE00D5179C /* Release */ = {
			isa = XCBuildConfiguration;
			buildSettings = {
				ALWAYS_SEARCH_USER_PATHS = NO;
				CLANG_CXX_LANGUAGE_STANDARD = "gnu++0x";
				CLANG_CXX_LIBRARY = "libc++";
				CLANG_ENABLE_MODULES = YES;
				CLANG_ENABLE_OBJC_ARC = YES;
				CLANG_WARN_BOOL_CONVERSION = YES;
				CLANG_WARN_CONSTANT_CONVERSION = YES;
				CLANG_WARN_DIRECT_OBJC_ISA_USAGE = YES_ERROR;
				CLANG_WARN_EMPTY_BODY = YES;
				CLANG_WARN_ENUM_CONVERSION = YES;
				CLANG_WARN_INT_CONVERSION = YES;
				CLANG_WARN_OBJC_ROOT_CLASS = YES_ERROR;
				CLANG_WARN__DUPLICATE_METHOD_MATCH = YES;
				"CODE_SIGN_IDENTITY[sdk=iphoneos*]" = "iPhone Developer";
				COPY_PHASE_STRIP = YES;
				ENABLE_NS_ASSERTIONS = NO;
				GCC_C_LANGUAGE_STANDARD = gnu99;
				GCC_WARN_64_TO_32_BIT_CONVERSION = YES;
				GCC_WARN_ABOUT_RETURN_TYPE = YES_ERROR;
				GCC_WARN_UNDECLARED_SELECTOR = YES;
				GCC_WARN_UNINITIALIZED_AUTOS = YES_AGGRESSIVE;
				GCC_WARN_UNUSED_FUNCTION = YES;
				GCC_WARN_UNUSED_VARIABLE = YES;
				IPHONEOS_DEPLOYMENT_TARGET = 7.1;
				SDKROOT = iphoneos;
				VALIDATE_PRODUCT = YES;
			};
			name = Release;
		};
		73E873EC19B9BDCE00D5179C /* Debug */ = {
			isa = XCBuildConfiguration;
			buildSettings = {
				ASSETCATALOG_COMPILER_APPICON_NAME = AppIcon;
				ASSETCATALOG_COMPILER_LAUNCHIMAGE_NAME = LaunchImage;
				GCC_PRECOMPILE_PREFIX_HEADER = YES;
				GCC_PREFIX_HEADER = "DynamicCellHeightWithAutoLayout/DynamicCellHeightWithAutoLayout-Prefix.pch";
				INFOPLIST_FILE = "DynamicCellHeightWithAutoLayout/DynamicCellHeightWithAutoLayout-Info.plist";
				PRODUCT_NAME = "$(TARGET_NAME)";
				WRAPPER_EXTENSION = app;
			};
			name = Debug;
		};
		73E873ED19B9BDCE00D5179C /* Release */ = {
			isa = XCBuildConfiguration;
			buildSettings = {
				ASSETCATALOG_COMPILER_APPICON_NAME = AppIcon;
				ASSETCATALOG_COMPILER_LAUNCHIMAGE_NAME = LaunchImage;
				GCC_PRECOMPILE_PREFIX_HEADER = YES;
				GCC_PREFIX_HEADER = "DynamicCellHeightWithAutoLayout/DynamicCellHeightWithAutoLayout-Prefix.pch";
				INFOPLIST_FILE = "DynamicCellHeightWithAutoLayout/DynamicCellHeightWithAutoLayout-Info.plist";
				PRODUCT_NAME = "$(TARGET_NAME)";
				WRAPPER_EXTENSION = app;
			};
			name = Release;
		};
		73E873EF19B9BDCE00D5179C /* Debug */ = {
			isa = XCBuildConfiguration;
			buildSettings = {
				BUNDLE_LOADER = "$(BUILT_PRODUCTS_DIR)/DynamicCellHeightWithAutoLayout.app/DynamicCellHeightWithAutoLayout";
				FRAMEWORK_SEARCH_PATHS = (
					"$(SDKROOT)/Developer/Library/Frameworks",
					"$(inherited)",
					"$(DEVELOPER_FRAMEWORKS_DIR)",
				);
				GCC_PRECOMPILE_PREFIX_HEADER = YES;
				GCC_PREFIX_HEADER = "DynamicCellHeightWithAutoLayout/DynamicCellHeightWithAutoLayout-Prefix.pch";
				GCC_PREPROCESSOR_DEFINITIONS = (
					"DEBUG=1",
					"$(inherited)",
				);
				INFOPLIST_FILE = "DynamicCellHeightWithAutoLayoutTests/DynamicCellHeightWithAutoLayoutTests-Info.plist";
				PRODUCT_NAME = "$(TARGET_NAME)";
				TEST_HOST = "$(BUNDLE_LOADER)";
				WRAPPER_EXTENSION = xctest;
			};
			name = Debug;
		};
		73E873F019B9BDCE00D5179C /* Release */ = {
			isa = XCBuildConfiguration;
			buildSettings = {
				BUNDLE_LOADER = "$(BUILT_PRODUCTS_DIR)/DynamicCellHeightWithAutoLayout.app/DynamicCellHeightWithAutoLayout";
				FRAMEWORK_SEARCH_PATHS = (
					"$(SDKROOT)/Developer/Library/Frameworks",
					"$(inherited)",
					"$(DEVELOPER_FRAMEWORKS_DIR)",
				);
				GCC_PRECOMPILE_PREFIX_HEADER = YES;
				GCC_PREFIX_HEADER = "DynamicCellHeightWithAutoLayout/DynamicCellHeightWithAutoLayout-Prefix.pch";
				INFOPLIST_FILE = "DynamicCellHeightWithAutoLayoutTests/DynamicCellHeightWithAutoLayoutTests-Info.plist";
				PRODUCT_NAME = "$(TARGET_NAME)";
				TEST_HOST = "$(BUNDLE_LOADER)";
				WRAPPER_EXTENSION = xctest;
			};
			name = Release;
		};
/* End XCBuildConfiguration section */

/* Begin XCConfigurationList section */
		73E873B419B9BDCE00D5179C /* Build configuration list for PBXProject "DynamicCellHeightWithAutoLayout" */ = {
			isa = XCConfigurationList;
			buildConfigurations = (
				73E873E919B9BDCE00D5179C /* Debug */,
				73E873EA19B9BDCE00D5179C /* Release */,
			);
			defaultConfigurationIsVisible = 0;
			defaultConfigurationName = Release;
		};
		73E873EB19B9BDCE00D5179C /* Build configuration list for PBXNativeTarget "DynamicCellHeightWithAutoLayout" */ = {
			isa = XCConfigurationList;
			buildConfigurations = (
				73E873EC19B9BDCE00D5179C /* Debug */,
				73E873ED19B9BDCE00D5179C /* Release */,
			);
			defaultConfigurationIsVisible = 0;
		};
		73E873EE19B9BDCE00D5179C /* Build configuration list for PBXNativeTarget "DynamicCellHeightWithAutoLayoutTests" */ = {
			isa = XCConfigurationList;
			buildConfigurations = (
				73E873EF19B9BDCE00D5179C /* Debug */,
				73E873F019B9BDCE00D5179C /* Release */,
			);
			defaultConfigurationIsVisible = 0;
		};
/* End XCConfigurationList section */
	};
	rootObject = 73E873B119B9BDCE00D5179C /* Project object */;
}
