// !$*UTF8*$!
{
	archiveVersion = 1;
	classes = {
	};
	objectVersion = 46;
	objects = {

/* Begin PBXBuildFile section */
		9755BF1B19F7C57900FC3A39 /* main.m in Sources */ = {isa = PBXBuildFile; fileRef = 9755BF1A19F7C57900FC3A39 /* main.m */; };
		9755BF1E19F7C57900FC3A39 /* AppDelegate.m in Sources */ = {isa = PBXBuildFile; fileRef = 9755BF1D19F7C57900FC3A39 /* AppDelegate.m */; };
		9755BF2119F7C57900FC3A39 /* ViewController.m in Sources */ = {isa = PBXBuildFile; fileRef = 9755BF2019F7C57900FC3A39 /* ViewController.m */; };
		9755BF2419F7C57900FC3A39 /* Main.storyboard in Resources */ = {isa = PBXBuildFile; fileRef = 9755BF2219F7C57900FC3A39 /* Main.storyboard */; };
		9755BF2619F7C57900FC3A39 /* Images.xcassets in Resources */ = {isa = PBXBuildFile; fileRef = 9755BF2519F7C57900FC3A39 /* Images.xcassets */; };
		9755BF2919F7C57900FC3A39 /* LaunchScreen.xib in Resources */ = {isa = PBXBuildFile; fileRef = 9755BF2719F7C57900FC3A39 /* LaunchScreen.xib */; };
		9755BF3519F7C57900FC3A39 /* CustomCollectionLayoutDemoTests.m in Sources */ = {isa = PBXBuildFile; fileRef = 9755BF3419F7C57900FC3A39 /* CustomCollectionLayoutDemoTests.m */; };
		9755BF4019F7C61300FC3A39 /* CustomLayout.m in Sources */ = {isa = PBXBuildFile; fileRef = 9755BF3F19F7C61300FC3A39 /* CustomLayout.m */; };
		975816A619F8B3BE00702906 /* CustomCell.m in Sources */ = {isa = PBXBuildFile; fileRef = 975816A419F8B3BE00702906 /* CustomCell.m */; };
		975816A719F8B3BE00702906 /* CustomCell.xib in Resources */ = {isa = PBXBuildFile; fileRef = 975816A519F8B3BE00702906 /* CustomCell.xib */; };
		975816AA19F8D15200702906 /* EmojKeyboardLayout.m in Sources */ = {isa = PBXBuildFile; fileRef = 975816A919F8D15200702906 /* EmojKeyboardLayout.m */; };
/* End PBXBuildFile section */

/* Begin PBXContainerItemProxy section */
		9755BF2F19F7C57900FC3A39 /* PBXContainerItemProxy */ = {
			isa = PBXContainerItemProxy;
			containerPortal = 9755BF0D19F7C57900FC3A39 /* Project object */;
			proxyType = 1;
			remoteGlobalIDString = 9755BF1419F7C57900FC3A39;
			remoteInfo = CustomCollectionLayoutDemo;
		};
/* End PBXContainerItemProxy section */

/* Begin PBXFileReference section */
		9755BF1519F7C57900FC3A39 /* CustomCollectionLayoutDemo.app */ = {isa = PBXFileReference; explicitFileType = wrapper.application; includeInIndex = 0; path = CustomCollectionLayoutDemo.app; sourceTree = BUILT_PRODUCTS_DIR; };
		9755BF1919F7C57900FC3A39 /* Info.plist */ = {isa = PBXFileReference; lastKnownFileType = text.plist.xml; path = Info.plist; sourceTree = "<group>"; };
		9755BF1A19F7C57900FC3A39 /* main.m */ = {isa = PBXFileReference; lastKnownFileType = sourcecode.c.objc; path = main.m; sourceTree = "<group>"; };
		9755BF1C19F7C57900FC3A39 /* AppDelegate.h */ = {isa = PBXFileReference; lastKnownFileType = sourcecode.c.h; path = AppDelegate.h; sourceTree = "<group>"; };
		9755BF1D19F7C57900FC3A39 /* AppDelegate.m */ = {isa = PBXFileReference; lastKnownFileType = sourcecode.c.objc; path = AppDelegate.m; sourceTree = "<group>"; };
		9755BF1F19F7C57900FC3A39 /* ViewController.h */ = {isa = PBXFileReference; lastKnownFileType = sourcecode.c.h; path = ViewController.h; sourceTree = "<group>"; };
		9755BF2019F7C57900FC3A39 /* ViewController.m */ = {isa = PBXFileReference; lastKnownFileType = sourcecode.c.objc; path = ViewController.m; sourceTree = "<group>"; };
		9755BF2319F7C57900FC3A39 /* Base */ = {isa = PBXFileReference; lastKnownFileType = file.storyboard; name = Base; path = Base.lproj/Main.storyboard; sourceTree = "<group>"; };
		9755BF2519F7C57900FC3A39 /* Images.xcassets */ = {isa = PBXFileReference; lastKnownFileType = folder.assetcatalog; path = Images.xcassets; sourceTree = "<group>"; };
		9755BF2819F7C57900FC3A39 /* Base */ = {isa = PBXFileReference; lastKnownFileType = file.xib; name = Base; path = Base.lproj/LaunchScreen.xib; sourceTree = "<group>"; };
		9755BF2E19F7C57900FC3A39 /* CustomCollectionLayoutDemoTests.xctest */ = {isa = PBXFileReference; explicitFileType = wrapper.cfbundle; includeInIndex = 0; path = CustomCollectionLayoutDemoTests.xctest; sourceTree = BUILT_PRODUCTS_DIR; };
		9755BF3319F7C57900FC3A39 /* Info.plist */ = {isa = PBXFileReference; lastKnownFileType = text.plist.xml; path = Info.plist; sourceTree = "<group>"; };
		9755BF3419F7C57900FC3A39 /* CustomCollectionLayoutDemoTests.m */ = {isa = PBXFileReference; lastKnownFileType = sourcecode.c.objc; path = CustomCollectionLayoutDemoTests.m; sourceTree = "<group>"; };
		9755BF3E19F7C61300FC3A39 /* CustomLayout.h */ = {isa = PBXFileReference; fileEncoding = 4; lastKnownFileType = sourcecode.c.h; path = CustomLayout.h; sourceTree = "<group>"; };
		9755BF3F19F7C61300FC3A39 /* CustomLayout.m */ = {isa = PBXFileReference; fileEncoding = 4; lastKnownFileType = sourcecode.c.objc; path = CustomLayout.m; sourceTree = "<group>"; };
		975816A319F8B3BE00702906 /* CustomCell.h */ = {isa = PBXFileReference; fileEncoding = 4; lastKnownFileType = sourcecode.c.h; path = CustomCell.h; sourceTree = "<group>"; };
		975816A419F8B3BE00702906 /* CustomCell.m */ = {isa = PBXFileReference; fileEncoding = 4; lastKnownFileType = sourcecode.c.objc; path = CustomCell.m; sourceTree = "<group>"; };
		975816A519F8B3BE00702906 /* CustomCell.xib */ = {isa = PBXFileReference; fileEncoding = 4; lastKnownFileType = file.xib; path = CustomCell.xib; sourceTree = "<group>"; };
		975816A819F8D15200702906 /* EmojKeyboardLayout.h */ = {isa = PBXFileReference; fileEncoding = 4; lastKnownFileType = sourcecode.c.h; path = EmojKeyboardLayout.h; sourceTree = "<group>"; };
		975816A919F8D15200702906 /* EmojKeyboardLayout.m */ = {isa = PBXFileReference; fileEncoding = 4; lastKnownFileType = sourcecode.c.objc; path = EmojKeyboardLayout.m; sourceTree = "<group>"; };
/* End PBXFileReference section */

/* Begin PBXFrameworksBuildPhase section */
		9755BF1219F7C57900FC3A39 /* Frameworks */ = {
			isa = PBXFrameworksBuildPhase;
			buildActionMask = 2147483647;
			files = (
			);
			runOnlyForDeploymentPostprocessing = 0;
		};
		9755BF2B19F7C57900FC3A39 /* Frameworks */ = {
			isa = PBXFrameworksBuildPhase;
			buildActionMask = 2147483647;
			files = (
			);
			runOnlyForDeploymentPostprocessing = 0;
		};
/* End PBXFrameworksBuildPhase section */

/* Begin PBXGroup section */
		9755BF0C19F7C57900FC3A39 = {
			isa = PBXGroup;
			children = (
				9755BF1719F7C57900FC3A39 /* CustomCollectionLayoutDemo */,
				9755BF3119F7C57900FC3A39 /* CustomCollectionLayoutDemoTests */,
				9755BF1619F7C57900FC3A39 /* Products */,
			);
			sourceTree = "<group>";
		};
		9755BF1619F7C57900FC3A39 /* Products */ = {
			isa = PBXGroup;
			children = (
				9755BF1519F7C57900FC3A39 /* CustomCollectionLayoutDemo.app */,
				9755BF2E19F7C57900FC3A39 /* CustomCollectionLayoutDemoTests.xctest */,
			);
			name = Products;
			sourceTree = "<group>";
		};
		9755BF1719F7C57900FC3A39 /* CustomCollectionLayoutDemo */ = {
			isa = PBXGroup;
			children = (
				9755BF1C19F7C57900FC3A39 /* AppDelegate.h */,
				9755BF1D19F7C57900FC3A39 /* AppDelegate.m */,
				9755BF1F19F7C57900FC3A39 /* ViewController.h */,
				9755BF2019F7C57900FC3A39 /* ViewController.m */,
				9755BF3E19F7C61300FC3A39 /* CustomLayout.h */,
				9755BF3F19F7C61300FC3A39 /* CustomLayout.m */,
				975816A319F8B3BE00702906 /* CustomCell.h */,
				975816A419F8B3BE00702906 /* CustomCell.m */,
				975816A519F8B3BE00702906 /* CustomCell.xib */,
				975816A819F8D15200702906 /* EmojKeyboardLayout.h */,
				975816A919F8D15200702906 /* EmojKeyboardLayout.m */,
				9755BF2219F7C57900FC3A39 /* Main.storyboard */,
				9755BF2519F7C57900FC3A39 /* Images.xcassets */,
				9755BF2719F7C57900FC3A39 /* LaunchScreen.xib */,
				9755BF1819F7C57900FC3A39 /* Supporting Files */,
			);
			path = CustomCollectionLayoutDemo;
			sourceTree = "<group>";
		};
		9755BF1819F7C57900FC3A39 /* Supporting Files */ = {
			isa = PBXGroup;
			children = (
				9755BF1919F7C57900FC3A39 /* Info.plist */,
				9755BF1A19F7C57900FC3A39 /* main.m */,
			);
			name = "Supporting Files";
			sourceTree = "<group>";
		};
		9755BF3119F7C57900FC3A39 /* CustomCollectionLayoutDemoTests */ = {
			isa = PBXGroup;
			children = (
				9755BF3419F7C57900FC3A39 /* CustomCollectionLayoutDemoTests.m */,
				9755BF3219F7C57900FC3A39 /* Supporting Files */,
			);
			path = CustomCollectionLayoutDemoTests;
			sourceTree = "<group>";
		};
		9755BF3219F7C57900FC3A39 /* Supporting Files */ = {
			isa = PBXGroup;
			children = (
				9755BF3319F7C57900FC3A39 /* Info.plist */,
			);
			name = "Supporting Files";
			sourceTree = "<group>";
		};
/* End PBXGroup section */

/* Begin PBXNativeTarget section */
		9755BF1419F7C57900FC3A39 /* CustomCollectionLayoutDemo */ = {
			isa = PBXNativeTarget;
			buildConfigurationList = 9755BF3819F7C57900FC3A39 /* Build configuration list for PBXNativeTarget "CustomCollectionLayoutDemo" */;
			buildPhases = (
				9755BF1119F7C57900FC3A39 /* Sources */,
				9755BF1219F7C57900FC3A39 /* Frameworks */,
				9755BF1319F7C57900FC3A39 /* Resources */,
			);
			buildRules = (
			);
			dependencies = (
			);
			name = CustomCollectionLayoutDemo;
			productName = CustomCollectionLayoutDemo;
			productReference = 9755BF1519F7C57900FC3A39 /* CustomCollectionLayoutDemo.app */;
			productType = "com.apple.product-type.application";
		};
		9755BF2D19F7C57900FC3A39 /* CustomCollectionLayoutDemoTests */ = {
			isa = PBXNativeTarget;
			buildConfigurationList = 9755BF3B19F7C57900FC3A39 /* Build configuration list for PBXNativeTarget "CustomCollectionLayoutDemoTests" */;
			buildPhases = (
				9755BF2A19F7C57900FC3A39 /* Sources */,
				9755BF2B19F7C57900FC3A39 /* Frameworks */,
				9755BF2C19F7C57900FC3A39 /* Resources */,
			);
			buildRules = (
			);
			dependencies = (
				9755BF3019F7C57900FC3A39 /* PBXTargetDependency */,
			);
			name = CustomCollectionLayoutDemoTests;
			productName = CustomCollectionLayoutDemoTests;
			productReference = 9755BF2E19F7C57900FC3A39 /* CustomCollectionLayoutDemoTests.xctest */;
			productType = "com.apple.product-type.bundle.unit-test";
		};
/* End PBXNativeTarget section */

/* Begin PBXProject section */
		9755BF0D19F7C57900FC3A39 /* Project object */ = {
			isa = PBXProject;
			attributes = {
				LastUpgradeCheck = 0600;
				ORGANIZATIONNAME = August;
				TargetAttributes = {
					9755BF1419F7C57900FC3A39 = {
						CreatedOnToolsVersion = 6.0.1;
					};
					9755BF2D19F7C57900FC3A39 = {
						CreatedOnToolsVersion = 6.0.1;
						TestTargetID = 9755BF1419F7C57900FC3A39;
					};
				};
			};
			buildConfigurationList = 9755BF1019F7C57900FC3A39 /* Build configuration list for PBXProject "CustomCollectionLayoutDemo" */;
			compatibilityVersion = "Xcode 3.2";
			developmentRegion = English;
			hasScannedForEncodings = 0;
			knownRegions = (
				en,
				Base,
			);
			mainGroup = 9755BF0C19F7C57900FC3A39;
			productRefGroup = 9755BF1619F7C57900FC3A39 /* Products */;
			projectDirPath = "";
			projectRoot = "";
			targets = (
				9755BF1419F7C57900FC3A39 /* CustomCollectionLayoutDemo */,
				9755BF2D19F7C57900FC3A39 /* CustomCollectionLayoutDemoTests */,
			);
		};
/* End PBXProject section */

/* Begin PBXResourcesBuildPhase section */
		9755BF1319F7C57900FC3A39 /* Resources */ = {
			isa = PBXResourcesBuildPhase;
			buildActionMask = 2147483647;
			files = (
				9755BF2419F7C57900FC3A39 /* Main.storyboard in Resources */,
				9755BF2919F7C57900FC3A39 /* LaunchScreen.xib in Resources */,
				975816A719F8B3BE00702906 /* CustomCell.xib in Resources */,
				9755BF2619F7C57900FC3A39 /* Images.xcassets in Resources */,
			);
			runOnlyForDeploymentPostprocessing = 0;
		};
		9755BF2C19F7C57900FC3A39 /* Resources */ = {
			isa = PBXResourcesBuildPhase;
			buildActionMask = 2147483647;
			files = (
			);
			runOnlyForDeploymentPostprocessing = 0;
		};
/* End PBXResourcesBuildPhase section */

/* Begin PBXSourcesBuildPhase section */
		9755BF1119F7C57900FC3A39 /* Sources */ = {
			isa = PBXSourcesBuildPhase;
			buildActionMask = 2147483647;
			files = (
				9755BF2119F7C57900FC3A39 /* ViewController.m in Sources */,
				9755BF1E19F7C57900FC3A39 /* AppDelegate.m in Sources */,
				9755BF4019F7C61300FC3A39 /* CustomLayout.m in Sources */,
				975816AA19F8D15200702906 /* EmojKeyboardLayout.m in Sources */,
				9755BF1B19F7C57900FC3A39 /* main.m in Sources */,
				975816A619F8B3BE00702906 /* CustomCell.m in Sources */,
			);
			runOnlyForDeploymentPostprocessing = 0;
		};
		9755BF2A19F7C57900FC3A39 /* Sources */ = {
			isa = PBXSourcesBuildPhase;
			buildActionMask = 2147483647;
			files = (
				9755BF3519F7C57900FC3A39 /* CustomCollectionLayoutDemoTests.m in Sources */,
			);
			runOnlyForDeploymentPostprocessing = 0;
		};
/* End PBXSourcesBuildPhase section */

/* Begin PBXTargetDependency section */
		9755BF3019F7C57900FC3A39 /* PBXTargetDependency */ = {
			isa = PBXTargetDependency;
			target = 9755BF1419F7C57900FC3A39 /* CustomCollectionLayoutDemo */;
			targetProxy = 9755BF2F19F7C57900FC3A39 /* PBXContainerItemProxy */;
		};
/* End PBXTargetDependency section */

/* Begin PBXVariantGroup section */
		9755BF2219F7C57900FC3A39 /* Main.storyboard */ = {
			isa = PBXVariantGroup;
			children = (
				9755BF2319F7C57900FC3A39 /* Base */,
			);
			name = Main.storyboard;
			sourceTree = "<group>";
		};
		9755BF2719F7C57900FC3A39 /* LaunchScreen.xib */ = {
			isa = PBXVariantGroup;
			children = (
				9755BF2819F7C57900FC3A39 /* Base */,
			);
			name = LaunchScreen.xib;
			sourceTree = "<group>";
		};
/* End PBXVariantGroup section */

/* Begin XCBuildConfiguration section */
		9755BF3619F7C57900FC3A39 /* Debug */ = {
			isa = XCBuildConfiguration;
			buildSettings = {
				ALWAYS_SEARCH_USER_PATHS = NO;
				CLANG_CXX_LANGUAGE_STANDARD = "gnu++0x";
				CLANG_CXX_LIBRARY = "libc++";
				CLANG_ENABLE_MODULES = YES;
				CLANG_ENABLE_OBJC_ARC = YES;
				CLANG_WARN_BOOL_CONVERSION = YES;
				CLANG_WARN_CONSTANT_CONVERSION = YES;
				CLANG_WARN_DIRECT_OBJC_ISA_USAGE = YES_ERROR;
				CLANG_WARN_EMPTY_BODY = YES;
				CLANG_WARN_ENUM_CONVERSION = YES;
				CLANG_WARN_INT_CONVERSION = YES;
				CLANG_WARN_OBJC_ROOT_CLASS = YES_ERROR;
				CLANG_WARN_UNREACHABLE_CODE = YES;
				CLANG_WARN__DUPLICATE_METHOD_MATCH = YES;
				"CODE_SIGN_IDENTITY[sdk=iphoneos*]" = "iPhone Developer";
				COPY_PHASE_STRIP = NO;
				ENABLE_STRICT_OBJC_MSGSEND = YES;
				GCC_C_LANGUAGE_STANDARD = gnu99;
				GCC_DYNAMIC_NO_PIC = NO;
				GCC_OPTIMIZATION_LEVEL = 0;
				GCC_PREPROCESSOR_DEFINITIONS = (
					"DEBUG=1",
					"$(inherited)",
				);
				GCC_SYMBOLS_PRIVATE_EXTERN = NO;
				GCC_WARN_64_TO_32_BIT_CONVERSION = YES;
				GCC_WARN_ABOUT_RETURN_TYPE = YES_ERROR;
				GCC_WARN_UNDECLARED_SELECTOR = YES;
				GCC_WARN_UNINITIALIZED_AUTOS = YES_AGGRESSIVE;
				GCC_WARN_UNUSED_FUNCTION = YES;
				GCC_WARN_UNUSED_VARIABLE = YES;
				IPHONEOS_DEPLOYMENT_TARGET = 8.0;
				MTL_ENABLE_DEBUG_INFO = YES;
				ONLY_ACTIVE_ARCH = YES;
				SDKROOT = iphoneos;
			};
			name = Debug;
		};
		9755BF3719F7C57900FC3A39 /* Release */ = {
			isa = XCBuildConfiguration;
			buildSettings = {
				ALWAYS_SEARCH_USER_PATHS = NO;
				CLANG_CXX_LANGUAGE_STANDARD = "gnu++0x";
				CLANG_CXX_LIBRARY = "libc++";
				CLANG_ENABLE_MODULES = YES;
				CLANG_ENABLE_OBJC_ARC = YES;
				CLANG_WARN_BOOL_CONVERSION = YES;
				CLANG_WARN_CONSTANT_CONVERSION = YES;
				CLANG_WARN_DIRECT_OBJC_ISA_USAGE = YES_ERROR;
				CLANG_WARN_EMPTY_BODY = YES;
				CLANG_WARN_ENUM_CONVERSION = YES;
				CLANG_WARN_INT_CONVERSION = YES;
				CLANG_WARN_OBJC_ROOT_CLASS = YES_ERROR;
				CLANG_WARN_UNREACHABLE_CODE = YES;
				CLANG_WARN__DUPLICATE_METHOD_MATCH = YES;
				"CODE_SIGN_IDENTITY[sdk=iphoneos*]" = "iPhone Developer";
				COPY_PHASE_STRIP = YES;
				ENABLE_NS_ASSERTIONS = NO;
				ENABLE_STRICT_OBJC_MSGSEND = YES;
				GCC_C_LANGUAGE_STANDARD = gnu99;
				GCC_WARN_64_TO_32_BIT_CONVERSION = YES;
				GCC_WARN_ABOUT_RETURN_TYPE = YES_ERROR;
				GCC_WARN_UNDECLARED_SELECTOR = YES;
				GCC_WARN_UNINITIALIZED_AUTOS = YES_AGGRESSIVE;
				GCC_WARN_UNUSED_FUNCTION = YES;
				GCC_WARN_UNUSED_VARIABLE = YES;
				IPHONEOS_DEPLOYMENT_TARGET = 8.0;
				MTL_ENABLE_DEBUG_INFO = NO;
				SDKROOT = iphoneos;
				VALIDATE_PRODUCT = YES;
			};
			name = Release;
		};
		9755BF3919F7C57900FC3A39 /* Debug */ = {
			isa = XCBuildConfiguration;
			buildSettings = {
				ASSETCATALOG_COMPILER_APPICON_NAME = AppIcon;
				INFOPLIST_FILE = CustomCollectionLayoutDemo/Info.plist;
				LD_RUNPATH_SEARCH_PATHS = "$(inherited) @executable_path/Frameworks";
				PRODUCT_NAME = "$(TARGET_NAME)";
			};
			name = Debug;
		};
		9755BF3A19F7C57900FC3A39 /* Release */ = {
			isa = XCBuildConfiguration;
			buildSettings = {
				ASSETCATALOG_COMPILER_APPICON_NAME = AppIcon;
				INFOPLIST_FILE = CustomCollectionLayoutDemo/Info.plist;
				LD_RUNPATH_SEARCH_PATHS = "$(inherited) @executable_path/Frameworks";
				PRODUCT_NAME = "$(TARGET_NAME)";
			};
			name = Release;
		};
		9755BF3C19F7C57900FC3A39 /* Debug */ = {
			isa = XCBuildConfiguration;
			buildSettings = {
				BUNDLE_LOADER = "$(TEST_HOST)";
				FRAMEWORK_SEARCH_PATHS = (
					"$(SDKROOT)/Developer/Library/Frameworks",
					"$(inherited)",
				);
				GCC_PREPROCESSOR_DEFINITIONS = (
					"DEBUG=1",
					"$(inherited)",
				);
				INFOPLIST_FILE = CustomCollectionLayoutDemoTests/Info.plist;
				LD_RUNPATH_SEARCH_PATHS = "$(inherited) @executable_path/Frameworks @loader_path/Frameworks";
				PRODUCT_NAME = "$(TARGET_NAME)";
				TEST_HOST = "$(BUILT_PRODUCTS_DIR)/CustomCollectionLayoutDemo.app/CustomCollectionLayoutDemo";
			};
			name = Debug;
		};
		9755BF3D19F7C57900FC3A39 /* Release */ = {
			isa = XCBuildConfiguration;
			buildSettings = {
				BUNDLE_LOADER = "$(TEST_HOST)";
				FRAMEWORK_SEARCH_PATHS = (
					"$(SDKROOT)/Developer/Library/Frameworks",
					"$(inherited)",
				);
				INFOPLIST_FILE = CustomCollectionLayoutDemoTests/Info.plist;
				LD_RUNPATH_SEARCH_PATHS = "$(inherited) @executable_path/Frameworks @loader_path/Frameworks";
				PRODUCT_NAME = "$(TARGET_NAME)";
				TEST_HOST = "$(BUILT_PRODUCTS_DIR)/CustomCollectionLayoutDemo.app/CustomCollectionLayoutDemo";
			};
			name = Release;
		};
/* End XCBuildConfiguration section */

/* Begin XCConfigurationList section */
		9755BF1019F7C57900FC3A39 /* Build configuration list for PBXProject "CustomCollectionLayoutDemo" */ = {
			isa = XCConfigurationList;
			buildConfigurations = (
				9755BF3619F7C57900FC3A39 /* Debug */,
				9755BF3719F7C57900FC3A39 /* Release */,
			);
			defaultConfigurationIsVisible = 0;
			defaultConfigurationName = Release;
		};
		9755BF3819F7C57900FC3A39 /* Build configuration list for PBXNativeTarget "CustomCollectionLayoutDemo" */ = {
			isa = XCConfigurationList;
			buildConfigurations = (
				9755BF3919F7C57900FC3A39 /* Debug */,
				9755BF3A19F7C57900FC3A39 /* Release */,
			);
			defaultConfigurationIsVisible = 0;
			defaultConfigurationName = Release;
		};
		9755BF3B19F7C57900FC3A39 /* Build configuration list for PBXNativeTarget "CustomCollectionLayoutDemoTests" */ = {
			isa = XCConfigurationList;
			buildConfigurations = (
				9755BF3C19F7C57900FC3A39 /* Debug */,
				9755BF3D19F7C57900FC3A39 /* Release */,
			);
			defaultConfigurationIsVisible = 0;
			defaultConfigurationName = Release;
		};
/* End XCConfigurationList section */
	};
	rootObject = 9755BF0D19F7C57900FC3A39 /* Project object */;
}
