// !$*UTF8*$!
{
	archiveVersion = 1;
	classes = {
	};
	objectVersion = 46;
	objects = {

/* Begin PBXBuildFile section */
		733DC59519B5C5DE00F61D4B /* Foundation.framework in Frameworks */ = {isa = PBXBuildFile; fileRef = 733DC59419B5C5DE00F61D4B /* Foundation.framework */; };
		733DC59719B5C5DE00F61D4B /* CoreGraphics.framework in Frameworks */ = {isa = PBXBuildFile; fileRef = 733DC59619B5C5DE00F61D4B /* CoreGraphics.framework */; };
		733DC59919B5C5DE00F61D4B /* UIKit.framework in Frameworks */ = {isa = PBXBuildFile; fileRef = 733DC59819B5C5DE00F61D4B /* UIKit.framework */; };
		733DC59F19B5C5DE00F61D4B /* InfoPlist.strings in Resources */ = {isa = PBXBuildFile; fileRef = 733DC59D19B5C5DE00F61D4B /* InfoPlist.strings */; };
		733DC5A119B5C5DE00F61D4B /* main.m in Sources */ = {isa = PBXBuildFile; fileRef = 733DC5A019B5C5DE00F61D4B /* main.m */; };
		733DC5A519B5C5DE00F61D4B /* AppDelegate.m in Sources */ = {isa = PBXBuildFile; fileRef = 733DC5A419B5C5DE00F61D4B /* AppDelegate.m */; };
		733DC5A819B5C5DE00F61D4B /* Main.storyboard in Resources */ = {isa = PBXBuildFile; fileRef = 733DC5A619B5C5DE00F61D4B /* Main.storyboard */; };
		733DC5AB19B5C5DE00F61D4B /* ViewController.m in Sources */ = {isa = PBXBuildFile; fileRef = 733DC5AA19B5C5DE00F61D4B /* ViewController.m */; };
		733DC5AD19B5C5DE00F61D4B /* Images.xcassets in Resources */ = {isa = PBXBuildFile; fileRef = 733DC5AC19B5C5DE00F61D4B /* Images.xcassets */; };
		733DC5B419B5C5DE00F61D4B /* XCTest.framework in Frameworks */ = {isa = PBXBuildFile; fileRef = 733DC5B319B5C5DE00F61D4B /* XCTest.framework */; };
		733DC5B519B5C5DE00F61D4B /* Foundation.framework in Frameworks */ = {isa = PBXBuildFile; fileRef = 733DC59419B5C5DE00F61D4B /* Foundation.framework */; };
		733DC5B619B5C5DE00F61D4B /* UIKit.framework in Frameworks */ = {isa = PBXBuildFile; fileRef = 733DC59819B5C5DE00F61D4B /* UIKit.framework */; };
		733DC5BE19B5C5DE00F61D4B /* InfoPlist.strings in Resources */ = {isa = PBXBuildFile; fileRef = 733DC5BC19B5C5DE00F61D4B /* InfoPlist.strings */; };
		733DC5C019B5C5DE00F61D4B /* ARSegmentControlTests.m in Sources */ = {isa = PBXBuildFile; fileRef = 733DC5BF19B5C5DE00F61D4B /* ARSegmentControlTests.m */; };
		7344C1A919B6E3DF00C8D39B /* ARActionSheet.m in Sources */ = {isa = PBXBuildFile; fileRef = 7344C1A819B6E3DF00C8D39B /* ARActionSheet.m */; };
		73F4D40019B71FCF0047E95A /* ARSegmentControl.m in Sources */ = {isa = PBXBuildFile; fileRef = 73F4D3FF19B71FCF0047E95A /* ARSegmentControl.m */; };
		97847D6419CB1F8A0024425F /* testSwiftViewController.swift in Sources */ = {isa = PBXBuildFile; fileRef = 97847D6219CB1F8A0024425F /* testSwiftViewController.swift */; };
		97847D6519CB1F8A0024425F /* testSwiftViewController.xib in Resources */ = {isa = PBXBuildFile; fileRef = 97847D6319CB1F8A0024425F /* testSwiftViewController.xib */; };
/* End PBXBuildFile section */

/* Begin PBXContainerItemProxy section */
		733DC5B719B5C5DE00F61D4B /* PBXContainerItemProxy */ = {
			isa = PBXContainerItemProxy;
			containerPortal = 733DC58919B5C5DE00F61D4B /* Project object */;
			proxyType = 1;
			remoteGlobalIDString = 733DC59019B5C5DE00F61D4B;
			remoteInfo = ARSegmentControl;
		};
/* End PBXContainerItemProxy section */

/* Begin PBXFileReference section */
		733DC59119B5C5DE00F61D4B /* ARSegmentControl.app */ = {isa = PBXFileReference; explicitFileType = wrapper.application; includeInIndex = 0; path = ARSegmentControl.app; sourceTree = BUILT_PRODUCTS_DIR; };
		733DC59419B5C5DE00F61D4B /* Foundation.framework */ = {isa = PBXFileReference; lastKnownFileType = wrapper.framework; name = Foundation.framework; path = System/Library/Frameworks/Foundation.framework; sourceTree = SDKROOT; };
		733DC59619B5C5DE00F61D4B /* CoreGraphics.framework */ = {isa = PBXFileReference; lastKnownFileType = wrapper.framework; name = CoreGraphics.framework; path = System/Library/Frameworks/CoreGraphics.framework; sourceTree = SDKROOT; };
		733DC59819B5C5DE00F61D4B /* UIKit.framework */ = {isa = PBXFileReference; lastKnownFileType = wrapper.framework; name = UIKit.framework; path = System/Library/Frameworks/UIKit.framework; sourceTree = SDKROOT; };
		733DC59C19B5C5DE00F61D4B /* ARSegmentControl-Info.plist */ = {isa = PBXFileReference; lastKnownFileType = text.plist.xml; path = "ARSegmentControl-Info.plist"; sourceTree = "<group>"; };
		733DC59E19B5C5DE00F61D4B /* en */ = {isa = PBXFileReference; lastKnownFileType = text.plist.strings; name = en; path = en.lproj/InfoPlist.strings; sourceTree = "<group>"; };
		733DC5A019B5C5DE00F61D4B /* main.m */ = {isa = PBXFileReference; lastKnownFileType = sourcecode.c.objc; path = main.m; sourceTree = "<group>"; };
		733DC5A219B5C5DE00F61D4B /* ARSegmentControl-Prefix.pch */ = {isa = PBXFileReference; lastKnownFileType = sourcecode.c.h; path = "ARSegmentControl-Prefix.pch"; sourceTree = "<group>"; };
		733DC5A319B5C5DE00F61D4B /* AppDelegate.h */ = {isa = PBXFileReference; lastKnownFileType = sourcecode.c.h; path = AppDelegate.h; sourceTree = "<group>"; };
		733DC5A419B5C5DE00F61D4B /* AppDelegate.m */ = {isa = PBXFileReference; lastKnownFileType = sourcecode.c.objc; path = AppDelegate.m; sourceTree = "<group>"; };
		733DC5A719B5C5DE00F61D4B /* Base */ = {isa = PBXFileReference; lastKnownFileType = file.storyboard; name = Base; path = Base.lproj/Main.storyboard; sourceTree = "<group>"; };
		733DC5A919B5C5DE00F61D4B /* ViewController.h */ = {isa = PBXFileReference; lastKnownFileType = sourcecode.c.h; path = ViewController.h; sourceTree = "<group>"; };
		733DC5AA19B5C5DE00F61D4B /* ViewController.m */ = {isa = PBXFileReference; lastKnownFileType = sourcecode.c.objc; path = ViewController.m; sourceTree = "<group>"; };
		733DC5AC19B5C5DE00F61D4B /* Images.xcassets */ = {isa = PBXFileReference; lastKnownFileType = folder.assetcatalog; path = Images.xcassets; sourceTree = "<group>"; };
		733DC5B219B5C5DE00F61D4B /* ARSegmentControlTests.xctest */ = {isa = PBXFileReference; explicitFileType = wrapper.cfbundle; includeInIndex = 0; path = ARSegmentControlTests.xctest; sourceTree = BUILT_PRODUCTS_DIR; };
		733DC5B319B5C5DE00F61D4B /* XCTest.framework */ = {isa = PBXFileReference; lastKnownFileType = wrapper.framework; name = XCTest.framework; path = Library/Frameworks/XCTest.framework; sourceTree = DEVELOPER_DIR; };
		733DC5BB19B5C5DE00F61D4B /* ARSegmentControlTests-Info.plist */ = {isa = PBXFileReference; lastKnownFileType = text.plist.xml; path = "ARSegmentControlTests-Info.plist"; sourceTree = "<group>"; };
		733DC5BD19B5C5DE00F61D4B /* en */ = {isa = PBXFileReference; lastKnownFileType = text.plist.strings; name = en; path = en.lproj/InfoPlist.strings; sourceTree = "<group>"; };
		733DC5BF19B5C5DE00F61D4B /* ARSegmentControlTests.m */ = {isa = PBXFileReference; lastKnownFileType = sourcecode.c.objc; path = ARSegmentControlTests.m; sourceTree = "<group>"; };
		7344C1A719B6E3DF00C8D39B /* ARActionSheet.h */ = {isa = PBXFileReference; fileEncoding = 4; lastKnownFileType = sourcecode.c.h; path = ARActionSheet.h; sourceTree = "<group>"; };
		7344C1A819B6E3DF00C8D39B /* ARActionSheet.m */ = {isa = PBXFileReference; fileEncoding = 4; lastKnownFileType = sourcecode.c.objc; path = ARActionSheet.m; sourceTree = "<group>"; };
		73F4D3FE19B71FCF0047E95A /* ARSegmentControl.h */ = {isa = PBXFileReference; fileEncoding = 4; lastKnownFileType = sourcecode.c.h; path = ARSegmentControl.h; sourceTree = "<group>"; };
		73F4D3FF19B71FCF0047E95A /* ARSegmentControl.m */ = {isa = PBXFileReference; fileEncoding = 4; lastKnownFileType = sourcecode.c.objc; path = ARSegmentControl.m; sourceTree = "<group>"; };
		97847D6119CB1F8A0024425F /* ARSegmentControl-Bridging-Header.h */ = {isa = PBXFileReference; lastKnownFileType = sourcecode.c.h; path = "ARSegmentControl-Bridging-Header.h"; sourceTree = "<group>"; };
		97847D6219CB1F8A0024425F /* testSwiftViewController.swift */ = {isa = PBXFileReference; fileEncoding = 4; lastKnownFileType = sourcecode.swift; path = testSwiftViewController.swift; sourceTree = "<group>"; };
		97847D6319CB1F8A0024425F /* testSwiftViewController.xib */ = {isa = PBXFileReference; fileEncoding = 4; lastKnownFileType = file.xib; path = testSwiftViewController.xib; sourceTree = "<group>"; };
/* End PBXFileReference section */

/* Begin PBXFrameworksBuildPhase section */
		733DC58E19B5C5DE00F61D4B /* Frameworks */ = {
			isa = PBXFrameworksBuildPhase;
			buildActionMask = 2147483647;
			files = (
				733DC59719B5C5DE00F61D4B /* CoreGraphics.framework in Frameworks */,
				733DC59919B5C5DE00F61D4B /* UIKit.framework in Frameworks */,
				733DC59519B5C5DE00F61D4B /* Foundation.framework in Frameworks */,
			);
			runOnlyForDeploymentPostprocessing = 0;
		};
		733DC5AF19B5C5DE00F61D4B /* Frameworks */ = {
			isa = PBXFrameworksBuildPhase;
			buildActionMask = 2147483647;
			files = (
				733DC5B419B5C5DE00F61D4B /* XCTest.framework in Frameworks */,
				733DC5B619B5C5DE00F61D4B /* UIKit.framework in Frameworks */,
				733DC5B519B5C5DE00F61D4B /* Foundation.framework in Frameworks */,
			);
			runOnlyForDeploymentPostprocessing = 0;
		};
/* End PBXFrameworksBuildPhase section */

/* Begin PBXGroup section */
		733DC58819B5C5DE00F61D4B = {
			isa = PBXGroup;
			children = (
				733DC59A19B5C5DE00F61D4B /* ARSegmentControl */,
				733DC5B919B5C5DE00F61D4B /* ARSegmentControlTests */,
				733DC59319B5C5DE00F61D4B /* Frameworks */,
				733DC59219B5C5DE00F61D4B /* Products */,
			);
			sourceTree = "<group>";
		};
		733DC59219B5C5DE00F61D4B /* Products */ = {
			isa = PBXGroup;
			children = (
				733DC59119B5C5DE00F61D4B /* ARSegmentControl.app */,
				733DC5B219B5C5DE00F61D4B /* ARSegmentControlTests.xctest */,
			);
			name = Products;
			sourceTree = "<group>";
		};
		733DC59319B5C5DE00F61D4B /* Frameworks */ = {
			isa = PBXGroup;
			children = (
				733DC59419B5C5DE00F61D4B /* Foundation.framework */,
				733DC59619B5C5DE00F61D4B /* CoreGraphics.framework */,
				733DC59819B5C5DE00F61D4B /* UIKit.framework */,
				733DC5B319B5C5DE00F61D4B /* XCTest.framework */,
			);
			name = Frameworks;
			sourceTree = "<group>";
		};
		733DC59A19B5C5DE00F61D4B /* ARSegmentControl */ = {
			isa = PBXGroup;
			children = (
				733DC5A319B5C5DE00F61D4B /* AppDelegate.h */,
				733DC5A419B5C5DE00F61D4B /* AppDelegate.m */,
				733DC5A619B5C5DE00F61D4B /* Main.storyboard */,
				733DC5A919B5C5DE00F61D4B /* ViewController.h */,
				733DC5AA19B5C5DE00F61D4B /* ViewController.m */,
				7344C1A719B6E3DF00C8D39B /* ARActionSheet.h */,
				7344C1A819B6E3DF00C8D39B /* ARActionSheet.m */,
				73F4D3FE19B71FCF0047E95A /* ARSegmentControl.h */,
				73F4D3FF19B71FCF0047E95A /* ARSegmentControl.m */,
				97847D6219CB1F8A0024425F /* testSwiftViewController.swift */,
				97847D6319CB1F8A0024425F /* testSwiftViewController.xib */,
				733DC5AC19B5C5DE00F61D4B /* Images.xcassets */,
				733DC59B19B5C5DE00F61D4B /* Supporting Files */,
				97847D6119CB1F8A0024425F /* ARSegmentControl-Bridging-Header.h */,
			);
			path = ARSegmentControl;
			sourceTree = "<group>";
		};
		733DC59B19B5C5DE00F61D4B /* Supporting Files */ = {
			isa = PBXGroup;
			children = (
				733DC59C19B5C5DE00F61D4B /* ARSegmentControl-Info.plist */,
				733DC59D19B5C5DE00F61D4B /* InfoPlist.strings */,
				733DC5A019B5C5DE00F61D4B /* main.m */,
				733DC5A219B5C5DE00F61D4B /* ARSegmentControl-Prefix.pch */,
			);
			name = "Supporting Files";
			sourceTree = "<group>";
		};
		733DC5B919B5C5DE00F61D4B /* ARSegmentControlTests */ = {
			isa = PBXGroup;
			children = (
				733DC5BF19B5C5DE00F61D4B /* ARSegmentControlTests.m */,
				733DC5BA19B5C5DE00F61D4B /* Supporting Files */,
			);
			path = ARSegmentControlTests;
			sourceTree = "<group>";
		};
		733DC5BA19B5C5DE00F61D4B /* Supporting Files */ = {
			isa = PBXGroup;
			children = (
				733DC5BB19B5C5DE00F61D4B /* ARSegmentControlTests-Info.plist */,
				733DC5BC19B5C5DE00F61D4B /* InfoPlist.strings */,
			);
			name = "Supporting Files";
			sourceTree = "<group>";
		};
/* End PBXGroup section */

/* Begin PBXNativeTarget section */
		733DC59019B5C5DE00F61D4B /* ARSegmentControl */ = {
			isa = PBXNativeTarget;
			buildConfigurationList = 733DC5C319B5C5DE00F61D4B /* Build configuration list for PBXNativeTarget "ARSegmentControl" */;
			buildPhases = (
				733DC58D19B5C5DE00F61D4B /* Sources */,
				733DC58E19B5C5DE00F61D4B /* Frameworks */,
				733DC58F19B5C5DE00F61D4B /* Resources */,
			);
			buildRules = (
			);
			dependencies = (
			);
			name = ARSegmentControl;
			productName = ARSegmentControl;
			productReference = 733DC59119B5C5DE00F61D4B /* ARSegmentControl.app */;
			productType = "com.apple.product-type.application";
		};
		733DC5B119B5C5DE00F61D4B /* ARSegmentControlTests */ = {
			isa = PBXNativeTarget;
			buildConfigurationList = 733DC5C619B5C5DE00F61D4B /* Build configuration list for PBXNativeTarget "ARSegmentControlTests" */;
			buildPhases = (
				733DC5AE19B5C5DE00F61D4B /* Sources */,
				733DC5AF19B5C5DE00F61D4B /* Frameworks */,
				733DC5B019B5C5DE00F61D4B /* Resources */,
			);
			buildRules = (
			);
			dependencies = (
				733DC5B819B5C5DE00F61D4B /* PBXTargetDependency */,
			);
			name = ARSegmentControlTests;
			productName = ARSegmentControlTests;
			productReference = 733DC5B219B5C5DE00F61D4B /* ARSegmentControlTests.xctest */;
			productType = "com.apple.product-type.bundle.unit-test";
		};
/* End PBXNativeTarget section */

/* Begin PBXProject section */
		733DC58919B5C5DE00F61D4B /* Project object */ = {
			isa = PBXProject;
			attributes = {
				LastUpgradeCheck = 0510;
				ORGANIZATIONNAME = "___FULLUSERNAME___";
				TargetAttributes = {
					733DC5B119B5C5DE00F61D4B = {
						TestTargetID = 733DC59019B5C5DE00F61D4B;
					};
				};
			};
			buildConfigurationList = 733DC58C19B5C5DE00F61D4B /* Build configuration list for PBXProject "ARSegmentControl" */;
			compatibilityVersion = "Xcode 3.2";
			developmentRegion = English;
			hasScannedForEncodings = 0;
			knownRegions = (
				en,
				Base,
			);
			mainGroup = 733DC58819B5C5DE00F61D4B;
			productRefGroup = 733DC59219B5C5DE00F61D4B /* Products */;
			projectDirPath = "";
			projectRoot = "";
			targets = (
				733DC59019B5C5DE00F61D4B /* ARSegmentControl */,
				733DC5B119B5C5DE00F61D4B /* ARSegmentControlTests */,
			);
		};
/* End PBXProject section */

/* Begin PBXResourcesBuildPhase section */
		733DC58F19B5C5DE00F61D4B /* Resources */ = {
			isa = PBXResourcesBuildPhase;
			buildActionMask = 2147483647;
			files = (
				97847D6519CB1F8A0024425F /* testSwiftViewController.xib in Resources */,
				733DC5AD19B5C5DE00F61D4B /* Images.xcassets in Resources */,
				733DC59F19B5C5DE00F61D4B /* InfoPlist.strings in Resources */,
				733DC5A819B5C5DE00F61D4B /* Main.storyboard in Resources */,
			);
			runOnlyForDeploymentPostprocessing = 0;
		};
		733DC5B019B5C5DE00F61D4B /* Resources */ = {
			isa = PBXResourcesBuildPhase;
			buildActionMask = 2147483647;
			files = (
				733DC5BE19B5C5DE00F61D4B /* InfoPlist.strings in Resources */,
			);
			runOnlyForDeploymentPostprocessing = 0;
		};
/* End PBXResourcesBuildPhase section */

/* Begin PBXSourcesBuildPhase section */
		733DC58D19B5C5DE00F61D4B /* Sources */ = {
			isa = PBXSourcesBuildPhase;
			buildActionMask = 2147483647;
			files = (
				97847D6419CB1F8A0024425F /* testSwiftViewController.swift in Sources */,
				73F4D40019B71FCF0047E95A /* ARSegmentControl.m in Sources */,
				7344C1A919B6E3DF00C8D39B /* ARActionSheet.m in Sources */,
				733DC5AB19B5C5DE00F61D4B /* ViewController.m in Sources */,
				733DC5A519B5C5DE00F61D4B /* AppDelegate.m in Sources */,
				733DC5A119B5C5DE00F61D4B /* main.m in Sources */,
			);
			runOnlyForDeploymentPostprocessing = 0;
		};
		733DC5AE19B5C5DE00F61D4B /* Sources */ = {
			isa = PBXSourcesBuildPhase;
			buildActionMask = 2147483647;
			files = (
				733DC5C019B5C5DE00F61D4B /* ARSegmentControlTests.m in Sources */,
			);
			runOnlyForDeploymentPostprocessing = 0;
		};
/* End PBXSourcesBuildPhase section */

/* Begin PBXTargetDependency section */
		733DC5B819B5C5DE00F61D4B /* PBXTargetDependency */ = {
			isa = PBXTargetDependency;
			target = 733DC59019B5C5DE00F61D4B /* ARSegmentControl */;
			targetProxy = 733DC5B719B5C5DE00F61D4B /* PBXContainerItemProxy */;
		};
/* End PBXTargetDependency section */

/* Begin PBXVariantGroup section */
		733DC59D19B5C5DE00F61D4B /* InfoPlist.strings */ = {
			isa = PBXVariantGroup;
			children = (
				733DC59E19B5C5DE00F61D4B /* en */,
			);
			name = InfoPlist.strings;
			sourceTree = "<group>";
		};
		733DC5A619B5C5DE00F61D4B /* Main.storyboard */ = {
			isa = PBXVariantGroup;
			children = (
				733DC5A719B5C5DE00F61D4B /* Base */,
			);
			name = Main.storyboard;
			sourceTree = "<group>";
		};
		733DC5BC19B5C5DE00F61D4B /* InfoPlist.strings */ = {
			isa = PBXVariantGroup;
			children = (
				733DC5BD19B5C5DE00F61D4B /* en */,
			);
			name = InfoPlist.strings;
			sourceTree = "<group>";
		};
/* End PBXVariantGroup section */

/* Begin XCBuildConfiguration section */
		733DC5C119B5C5DE00F61D4B /* Debug */ = {
			isa = XCBuildConfiguration;
			buildSettings = {
				ALWAYS_SEARCH_USER_PATHS = NO;
				CLANG_CXX_LANGUAGE_STANDARD = "gnu++0x";
				CLANG_CXX_LIBRARY = "libc++";
				CLANG_ENABLE_MODULES = YES;
				CLANG_ENABLE_OBJC_ARC = YES;
				CLANG_WARN_BOOL_CONVERSION = YES;
				CLANG_WARN_CONSTANT_CONVERSION = YES;
				CLANG_WARN_DIRECT_OBJC_ISA_USAGE = YES_ERROR;
				CLANG_WARN_EMPTY_BODY = YES;
				CLANG_WARN_ENUM_CONVERSION = YES;
				CLANG_WARN_INT_CONVERSION = YES;
				CLANG_WARN_OBJC_ROOT_CLASS = YES_ERROR;
				CLANG_WARN__DUPLICATE_METHOD_MATCH = YES;
				"CODE_SIGN_IDENTITY[sdk=iphoneos*]" = "iPhone Developer";
				COPY_PHASE_STRIP = NO;
				GCC_C_LANGUAGE_STANDARD = gnu99;
				GCC_DYNAMIC_NO_PIC = NO;
				GCC_OPTIMIZATION_LEVEL = 0;
				GCC_PREPROCESSOR_DEFINITIONS = (
					"DEBUG=1",
					"$(inherited)",
				);
				GCC_SYMBOLS_PRIVATE_EXTERN = NO;
				GCC_WARN_64_TO_32_BIT_CONVERSION = YES;
				GCC_WARN_ABOUT_RETURN_TYPE = YES_ERROR;
				GCC_WARN_UNDECLARED_SELECTOR = YES;
				GCC_WARN_UNINITIALIZED_AUTOS = YES_AGGRESSIVE;
				GCC_WARN_UNUSED_FUNCTION = YES;
				GCC_WARN_UNUSED_VARIABLE = YES;
				IPHONEOS_DEPLOYMENT_TARGET = 7.1;
				ONLY_ACTIVE_ARCH = YES;
				SDKROOT = iphoneos;
			};
			name = Debug;
		};
		733DC5C219B5C5DE00F61D4B /* Release */ = {
			isa = XCBuildConfiguration;
			buildSettings = {
				ALWAYS_SEARCH_USER_PATHS = NO;
				CLANG_CXX_LANGUAGE_STANDARD = "gnu++0x";
				CLANG_CXX_LIBRARY = "libc++";
				CLANG_ENABLE_MODULES = YES;
				CLANG_ENABLE_OBJC_ARC = YES;
				CLANG_WARN_BOOL_CONVERSION = YES;
				CLANG_WARN_CONSTANT_CONVERSION = YES;
				CLANG_WARN_DIRECT_OBJC_ISA_USAGE = YES_ERROR;
				CLANG_WARN_EMPTY_BODY = YES;
				CLANG_WARN_ENUM_CONVERSION = YES;
				CLANG_WARN_INT_CONVERSION = YES;
				CLANG_WARN_OBJC_ROOT_CLASS = YES_ERROR;
				CLANG_WARN__DUPLICATE_METHOD_MATCH = YES;
				"CODE_SIGN_IDENTITY[sdk=iphoneos*]" = "iPhone Developer";
				COPY_PHASE_STRIP = YES;
				ENABLE_NS_ASSERTIONS = NO;
				GCC_C_LANGUAGE_STANDARD = gnu99;
				GCC_WARN_64_TO_32_BIT_CONVERSION = YES;
				GCC_WARN_ABOUT_RETURN_TYPE = YES_ERROR;
				GCC_WARN_UNDECLARED_SELECTOR = YES;
				GCC_WARN_UNINITIALIZED_AUTOS = YES_AGGRESSIVE;
				GCC_WARN_UNUSED_FUNCTION = YES;
				GCC_WARN_UNUSED_VARIABLE = YES;
				IPHONEOS_DEPLOYMENT_TARGET = 7.1;
				SDKROOT = iphoneos;
				VALIDATE_PRODUCT = YES;
			};
			name = Release;
		};
		733DC5C419B5C5DE00F61D4B /* Debug */ = {
			isa = XCBuildConfiguration;
			buildSettings = {
				ASSETCATALOG_COMPILER_APPICON_NAME = AppIcon;
				ASSETCATALOG_COMPILER_LAUNCHIMAGE_NAME = LaunchImage;
				CLANG_ENABLE_MODULES = YES;
				DEFINES_MODULE = YES;
				GCC_PRECOMPILE_PREFIX_HEADER = YES;
				GCC_PREFIX_HEADER = "ARSegmentControl/ARSegmentControl-Prefix.pch";
				INFOPLIST_FILE = "ARSegmentControl/ARSegmentControl-Info.plist";
				IPHONEOS_DEPLOYMENT_TARGET = 7.0;
				LD_RUNPATH_SEARCH_PATHS = "$(inherited) @executable_path/Frameworks";
				PRODUCT_NAME = "$(TARGET_NAME)";
				SWIFT_OBJC_BRIDGING_HEADER = "ARSegmentControl/ARSegmentControl-Bridging-Header.h";
				SWIFT_OPTIMIZATION_LEVEL = "-Onone";
				WRAPPER_EXTENSION = app;
			};
			name = Debug;
		};
		733DC5C519B5C5DE00F61D4B /* Release */ = {
			isa = XCBuildConfiguration;
			buildSettings = {
				ASSETCATALOG_COMPILER_APPICON_NAME = AppIcon;
				ASSETCATALOG_COMPILER_LAUNCHIMAGE_NAME = LaunchImage;
				CLANG_ENABLE_MODULES = YES;
				DEFINES_MODULE = YES;
				GCC_PRECOMPILE_PREFIX_HEADER = YES;
				GCC_PREFIX_HEADER = "ARSegmentControl/ARSegmentControl-Prefix.pch";
				INFOPLIST_FILE = "ARSegmentControl/ARSegmentControl-Info.plist";
				IPHONEOS_DEPLOYMENT_TARGET = 7.0;
				LD_RUNPATH_SEARCH_PATHS = "$(inherited) @executable_path/Frameworks";
				PRODUCT_NAME = "$(TARGET_NAME)";
				SWIFT_OBJC_BRIDGING_HEADER = "ARSegmentControl/ARSegmentControl-Bridging-Header.h";
				WRAPPER_EXTENSION = app;
			};
			name = Release;
		};
		733DC5C719B5C5DE00F61D4B /* Debug */ = {
			isa = XCBuildConfiguration;
			buildSettings = {
				BUNDLE_LOADER = "$(BUILT_PRODUCTS_DIR)/ARSegmentControl.app/ARSegmentControl";
				FRAMEWORK_SEARCH_PATHS = (
					"$(SDKROOT)/Developer/Library/Frameworks",
					"$(inherited)",
					"$(DEVELOPER_FRAMEWORKS_DIR)",
				);
				GCC_PRECOMPILE_PREFIX_HEADER = YES;
				GCC_PREFIX_HEADER = "ARSegmentControl/ARSegmentControl-Prefix.pch";
				GCC_PREPROCESSOR_DEFINITIONS = (
					"DEBUG=1",
					"$(inherited)",
				);
				INFOPLIST_FILE = "ARSegmentControlTests/ARSegmentControlTests-Info.plist";
				PRODUCT_NAME = "$(TARGET_NAME)";
				TEST_HOST = "$(BUNDLE_LOADER)";
				WRAPPER_EXTENSION = xctest;
			};
			name = Debug;
		};
		733DC5C819B5C5DE00F61D4B /* Release */ = {
			isa = XCBuildConfiguration;
			buildSettings = {
				BUNDLE_LOADER = "$(BUILT_PRODUCTS_DIR)/ARSegmentControl.app/ARSegmentControl";
				FRAMEWORK_SEARCH_PATHS = (
					"$(SDKROOT)/Developer/Library/Frameworks",
					"$(inherited)",
					"$(DEVELOPER_FRAMEWORKS_DIR)",
				);
				GCC_PRECOMPILE_PREFIX_HEADER = YES;
				GCC_PREFIX_HEADER = "ARSegmentControl/ARSegmentControl-Prefix.pch";
				INFOPLIST_FILE = "ARSegmentControlTests/ARSegmentControlTests-Info.plist";
				PRODUCT_NAME = "$(TARGET_NAME)";
				TEST_HOST = "$(BUNDLE_LOADER)";
				WRAPPER_EXTENSION = xctest;
			};
			name = Release;
		};
/* End XCBuildConfiguration section */

/* Begin XCConfigurationList section */
		733DC58C19B5C5DE00F61D4B /* Build configuration list for PBXProject "ARSegmentControl" */ = {
			isa = XCConfigurationList;
			buildConfigurations = (
				733DC5C119B5C5DE00F61D4B /* Debug */,
				733DC5C219B5C5DE00F61D4B /* Release */,
			);
			defaultConfigurationIsVisible = 0;
			defaultConfigurationName = Release;
		};
		733DC5C319B5C5DE00F61D4B /* Build configuration list for PBXNativeTarget "ARSegmentControl" */ = {
			isa = XCConfigurationList;
			buildConfigurations = (
				733DC5C419B5C5DE00F61D4B /* Debug */,
				733DC5C519B5C5DE00F61D4B /* Release */,
			);
			defaultConfigurationIsVisible = 0;
			defaultConfigurationName = Release;
		};
		733DC5C619B5C5DE00F61D4B /* Build configuration list for PBXNativeTarget "ARSegmentControlTests" */ = {
			isa = XCConfigurationList;
			buildConfigurations = (
				733DC5C719B5C5DE00F61D4B /* Debug */,
				733DC5C819B5C5DE00F61D4B /* Release */,
			);
			defaultConfigurationIsVisible = 0;
			defaultConfigurationName = Release;
		};
/* End XCConfigurationList section */
	};
	rootObject = 733DC58919B5C5DE00F61D4B /* Project object */;
}
