// !$*UTF8*$!
{
	archiveVersion = 1;
	classes = {
	};
	objectVersion = 46;
	objects = {

/* Begin PBXBuildFile section */
		97CE93501AFD9E76000525AB /* main.m in Sources */ = {isa = PBXBuildFile; fileRef = 97CE934F1AFD9E76000525AB /* main.m */; };
		97CE93531AFD9E76000525AB /* AppDelegate.m in Sources */ = {isa = PBXBuildFile; fileRef = 97CE93521AFD9E76000525AB /* AppDelegate.m */; };
		97CE93561AFD9E76000525AB /* ViewController.m in Sources */ = {isa = PBXBuildFile; fileRef = 97CE93551AFD9E76000525AB /* ViewController.m */; };
		97CE93591AFD9E76000525AB /* Main.storyboard in Resources */ = {isa = PBXBuildFile; fileRef = 97CE93571AFD9E76000525AB /* Main.storyboard */; };
		97CE935B1AFD9E76000525AB /* Images.xcassets in Resources */ = {isa = PBXBuildFile; fileRef = 97CE935A1AFD9E76000525AB /* Images.xcassets */; };
		97CE935E1AFD9E76000525AB /* LaunchScreen.xib in Resources */ = {isa = PBXBuildFile; fileRef = 97CE935C1AFD9E76000525AB /* LaunchScreen.xib */; };
		97CE936A1AFD9E76000525AB /* TableViewTests.m in Sources */ = {isa = PBXBuildFile; fileRef = 97CE93691AFD9E76000525AB /* TableViewTests.m */; };
		97CE93761AFD9F63000525AB /* TableViewController.m in Sources */ = {isa = PBXBuildFile; fileRef = 97CE93741AFD9F63000525AB /* TableViewController.m */; };
		97CE93771AFD9F63000525AB /* TableViewController.xib in Resources */ = {isa = PBXBuildFile; fileRef = 97CE93751AFD9F63000525AB /* TableViewController.xib */; };
		97CE937B1AFD9FB2000525AB /* TableViewCell.m in Sources */ = {isa = PBXBuildFile; fileRef = 97CE93791AFD9FB2000525AB /* TableViewCell.m */; };
		97CE937C1AFD9FB2000525AB /* TableViewCell.xib in Resources */ = {isa = PBXBuildFile; fileRef = 97CE937A1AFD9FB2000525AB /* TableViewCell.xib */; };
		97D345151B2457CC00397613 /* GCDLabel.m in Sources */ = {isa = PBXBuildFile; fileRef = 97D345141B2457CC00397613 /* GCDLabel.m */; };
		97D345171B2458BB00397613 /* CoreText.framework in Frameworks */ = {isa = PBXBuildFile; fileRef = 97D345161B2458BB00397613 /* CoreText.framework */; };
/* End PBXBuildFile section */

/* Begin PBXContainerItemProxy section */
		97CE93641AFD9E76000525AB /* PBXContainerItemProxy */ = {
			isa = PBXContainerItemProxy;
			containerPortal = 97CE93421AFD9E76000525AB /* Project object */;
			proxyType = 1;
			remoteGlobalIDString = 97CE93491AFD9E76000525AB;
			remoteInfo = TableView;
		};
/* End PBXContainerItemProxy section */

/* Begin PBXFileReference section */
		97CE934A1AFD9E76000525AB /* TableView.app */ = {isa = PBXFileReference; explicitFileType = wrapper.application; includeInIndex = 0; path = TableView.app; sourceTree = BUILT_PRODUCTS_DIR; };
		97CE934E1AFD9E76000525AB /* Info.plist */ = {isa = PBXFileReference; lastKnownFileType = text.plist.xml; path = Info.plist; sourceTree = "<group>"; };
		97CE934F1AFD9E76000525AB /* main.m */ = {isa = PBXFileReference; lastKnownFileType = sourcecode.c.objc; path = main.m; sourceTree = "<group>"; };
		97CE93511AFD9E76000525AB /* AppDelegate.h */ = {isa = PBXFileReference; lastKnownFileType = sourcecode.c.h; path = AppDelegate.h; sourceTree = "<group>"; };
		97CE93521AFD9E76000525AB /* AppDelegate.m */ = {isa = PBXFileReference; lastKnownFileType = sourcecode.c.objc; path = AppDelegate.m; sourceTree = "<group>"; };
		97CE93541AFD9E76000525AB /* ViewController.h */ = {isa = PBXFileReference; lastKnownFileType = sourcecode.c.h; path = ViewController.h; sourceTree = "<group>"; };
		97CE93551AFD9E76000525AB /* ViewController.m */ = {isa = PBXFileReference; lastKnownFileType = sourcecode.c.objc; path = ViewController.m; sourceTree = "<group>"; };
		97CE93581AFD9E76000525AB /* Base */ = {isa = PBXFileReference; lastKnownFileType = file.storyboard; name = Base; path = Base.lproj/Main.storyboard; sourceTree = "<group>"; };
		97CE935A1AFD9E76000525AB /* Images.xcassets */ = {isa = PBXFileReference; lastKnownFileType = folder.assetcatalog; path = Images.xcassets; sourceTree = "<group>"; };
		97CE935D1AFD9E76000525AB /* Base */ = {isa = PBXFileReference; lastKnownFileType = file.xib; name = Base; path = Base.lproj/LaunchScreen.xib; sourceTree = "<group>"; };
		97CE93631AFD9E76000525AB /* TableViewTests.xctest */ = {isa = PBXFileReference; explicitFileType = wrapper.cfbundle; includeInIndex = 0; path = TableViewTests.xctest; sourceTree = BUILT_PRODUCTS_DIR; };
		97CE93681AFD9E76000525AB /* Info.plist */ = {isa = PBXFileReference; lastKnownFileType = text.plist.xml; path = Info.plist; sourceTree = "<group>"; };
		97CE93691AFD9E76000525AB /* TableViewTests.m */ = {isa = PBXFileReference; lastKnownFileType = sourcecode.c.objc; path = TableViewTests.m; sourceTree = "<group>"; };
		97CE93731AFD9F63000525AB /* TableViewController.h */ = {isa = PBXFileReference; fileEncoding = 4; lastKnownFileType = sourcecode.c.h; path = TableViewController.h; sourceTree = "<group>"; };
		97CE93741AFD9F63000525AB /* TableViewController.m */ = {isa = PBXFileReference; fileEncoding = 4; lastKnownFileType = sourcecode.c.objc; path = TableViewController.m; sourceTree = "<group>"; };
		97CE93751AFD9F63000525AB /* TableViewController.xib */ = {isa = PBXFileReference; fileEncoding = 4; lastKnownFileType = file.xib; path = TableViewController.xib; sourceTree = "<group>"; };
		97CE93781AFD9FB2000525AB /* TableViewCell.h */ = {isa = PBXFileReference; fileEncoding = 4; lastKnownFileType = sourcecode.c.h; path = TableViewCell.h; sourceTree = "<group>"; };
		97CE93791AFD9FB2000525AB /* TableViewCell.m */ = {isa = PBXFileReference; fileEncoding = 4; lastKnownFileType = sourcecode.c.objc; path = TableViewCell.m; sourceTree = "<group>"; };
		97CE937A1AFD9FB2000525AB /* TableViewCell.xib */ = {isa = PBXFileReference; fileEncoding = 4; lastKnownFileType = file.xib; path = TableViewCell.xib; sourceTree = "<group>"; };
		97D345131B2457CC00397613 /* GCDLabel.h */ = {isa = PBXFileReference; fileEncoding = 4; lastKnownFileType = sourcecode.c.h; path = GCDLabel.h; sourceTree = "<group>"; };
		97D345141B2457CC00397613 /* GCDLabel.m */ = {isa = PBXFileReference; fileEncoding = 4; lastKnownFileType = sourcecode.c.objc; path = GCDLabel.m; sourceTree = "<group>"; };
		97D345161B2458BB00397613 /* CoreText.framework */ = {isa = PBXFileReference; lastKnownFileType = wrapper.framework; name = CoreText.framework; path = System/Library/Frameworks/CoreText.framework; sourceTree = SDKROOT; };
		97D345181B24590C00397613 /* AdditionsMacro.h */ = {isa = PBXFileReference; fileEncoding = 4; lastKnownFileType = sourcecode.c.h; path = AdditionsMacro.h; sourceTree = "<group>"; };
/* End PBXFileReference section */

/* Begin PBXFrameworksBuildPhase section */
		97CE93471AFD9E76000525AB /* Frameworks */ = {
			isa = PBXFrameworksBuildPhase;
			buildActionMask = 2147483647;
			files = (
				97D345171B2458BB00397613 /* CoreText.framework in Frameworks */,
			);
			runOnlyForDeploymentPostprocessing = 0;
		};
		97CE93601AFD9E76000525AB /* Frameworks */ = {
			isa = PBXFrameworksBuildPhase;
			buildActionMask = 2147483647;
			files = (
			);
			runOnlyForDeploymentPostprocessing = 0;
		};
/* End PBXFrameworksBuildPhase section */

/* Begin PBXGroup section */
		97CE93411AFD9E76000525AB = {
			isa = PBXGroup;
			children = (
				97D345161B2458BB00397613 /* CoreText.framework */,
				97CE934C1AFD9E76000525AB /* TableView */,
				97CE93661AFD9E76000525AB /* TableViewTests */,
				97CE934B1AFD9E76000525AB /* Products */,
			);
			sourceTree = "<group>";
		};
		97CE934B1AFD9E76000525AB /* Products */ = {
			isa = PBXGroup;
			children = (
				97CE934A1AFD9E76000525AB /* TableView.app */,
				97CE93631AFD9E76000525AB /* TableViewTests.xctest */,
			);
			name = Products;
			sourceTree = "<group>";
		};
		97CE934C1AFD9E76000525AB /* TableView */ = {
			isa = PBXGroup;
			children = (
				97CE93511AFD9E76000525AB /* AppDelegate.h */,
				97CE93521AFD9E76000525AB /* AppDelegate.m */,
				97CE93541AFD9E76000525AB /* ViewController.h */,
				97CE93551AFD9E76000525AB /* ViewController.m */,
				97CE93731AFD9F63000525AB /* TableViewController.h */,
				97CE93741AFD9F63000525AB /* TableViewController.m */,
				97CE93751AFD9F63000525AB /* TableViewController.xib */,
				97D345181B24590C00397613 /* AdditionsMacro.h */,
				97D345131B2457CC00397613 /* GCDLabel.h */,
				97D345141B2457CC00397613 /* GCDLabel.m */,
				97CE93781AFD9FB2000525AB /* TableViewCell.h */,
				97CE93791AFD9FB2000525AB /* TableViewCell.m */,
				97CE937A1AFD9FB2000525AB /* TableViewCell.xib */,
				97CE93571AFD9E76000525AB /* Main.storyboard */,
				97CE935A1AFD9E76000525AB /* Images.xcassets */,
				97CE935C1AFD9E76000525AB /* LaunchScreen.xib */,
				97CE934D1AFD9E76000525AB /* Supporting Files */,
			);
			path = TableView;
			sourceTree = "<group>";
		};
		97CE934D1AFD9E76000525AB /* Supporting Files */ = {
			isa = PBXGroup;
			children = (
				97CE934E1AFD9E76000525AB /* Info.plist */,
				97CE934F1AFD9E76000525AB /* main.m */,
			);
			name = "Supporting Files";
			sourceTree = "<group>";
		};
		97CE93661AFD9E76000525AB /* TableViewTests */ = {
			isa = PBXGroup;
			children = (
				97CE93691AFD9E76000525AB /* TableViewTests.m */,
				97CE93671AFD9E76000525AB /* Supporting Files */,
			);
			path = TableViewTests;
			sourceTree = "<group>";
		};
		97CE93671AFD9E76000525AB /* Supporting Files */ = {
			isa = PBXGroup;
			children = (
				97CE93681AFD9E76000525AB /* Info.plist */,
			);
			name = "Supporting Files";
			sourceTree = "<group>";
		};
/* End PBXGroup section */

/* Begin PBXNativeTarget section */
		97CE93491AFD9E76000525AB /* TableView */ = {
			isa = PBXNativeTarget;
			buildConfigurationList = 97CE936D1AFD9E76000525AB /* Build configuration list for PBXNativeTarget "TableView" */;
			buildPhases = (
				97CE93461AFD9E76000525AB /* Sources */,
				97CE93471AFD9E76000525AB /* Frameworks */,
				97CE93481AFD9E76000525AB /* Resources */,
			);
			buildRules = (
			);
			dependencies = (
			);
			name = TableView;
			productName = TableView;
			productReference = 97CE934A1AFD9E76000525AB /* TableView.app */;
			productType = "com.apple.product-type.application";
		};
		97CE93621AFD9E76000525AB /* TableViewTests */ = {
			isa = PBXNativeTarget;
			buildConfigurationList = 97CE93701AFD9E76000525AB /* Build configuration list for PBXNativeTarget "TableViewTests" */;
			buildPhases = (
				97CE935F1AFD9E76000525AB /* Sources */,
				97CE93601AFD9E76000525AB /* Frameworks */,
				97CE93611AFD9E76000525AB /* Resources */,
			);
			buildRules = (
			);
			dependencies = (
				97CE93651AFD9E76000525AB /* PBXTargetDependency */,
			);
			name = TableViewTests;
			productName = TableViewTests;
			productReference = 97CE93631AFD9E76000525AB /* TableViewTests.xctest */;
			productType = "com.apple.product-type.bundle.unit-test";
		};
/* End PBXNativeTarget section */

/* Begin PBXProject section */
		97CE93421AFD9E76000525AB /* Project object */ = {
			isa = PBXProject;
			attributes = {
				LastUpgradeCheck = 0630;
				ORGANIZATIONNAME = August;
				TargetAttributes = {
					97CE93491AFD9E76000525AB = {
						CreatedOnToolsVersion = 6.3.1;
					};
					97CE93621AFD9E76000525AB = {
						CreatedOnToolsVersion = 6.3.1;
						TestTargetID = 97CE93491AFD9E76000525AB;
					};
				};
			};
			buildConfigurationList = 97CE93451AFD9E76000525AB /* Build configuration list for PBXProject "TableView" */;
			compatibilityVersion = "Xcode 3.2";
			developmentRegion = English;
			hasScannedForEncodings = 0;
			knownRegions = (
				en,
				Base,
			);
			mainGroup = 97CE93411AFD9E76000525AB;
			productRefGroup = 97CE934B1AFD9E76000525AB /* Products */;
			projectDirPath = "";
			projectRoot = "";
			targets = (
				97CE93491AFD9E76000525AB /* TableView */,
				97CE93621AFD9E76000525AB /* TableViewTests */,
			);
		};
/* End PBXProject section */

/* Begin PBXResourcesBuildPhase section */
		97CE93481AFD9E76000525AB /* Resources */ = {
			isa = PBXResourcesBuildPhase;
			buildActionMask = 2147483647;
			files = (
				97CE93591AFD9E76000525AB /* Main.storyboard in Resources */,
				97CE937C1AFD9FB2000525AB /* TableViewCell.xib in Resources */,
				97CE935E1AFD9E76000525AB /* LaunchScreen.xib in Resources */,
				97CE935B1AFD9E76000525AB /* Images.xcassets in Resources */,
				97CE93771AFD9F63000525AB /* TableViewController.xib in Resources */,
			);
			runOnlyForDeploymentPostprocessing = 0;
		};
		97CE93611AFD9E76000525AB /* Resources */ = {
			isa = PBXResourcesBuildPhase;
			buildActionMask = 2147483647;
			files = (
			);
			runOnlyForDeploymentPostprocessing = 0;
		};
/* End PBXResourcesBuildPhase section */

/* Begin PBXSourcesBuildPhase section */
		97CE93461AFD9E76000525AB /* Sources */ = {
			isa = PBXSourcesBuildPhase;
			buildActionMask = 2147483647;
			files = (
				97CE93561AFD9E76000525AB /* ViewController.m in Sources */,
				97CE93531AFD9E76000525AB /* AppDelegate.m in Sources */,
				97CE93501AFD9E76000525AB /* main.m in Sources */,
				97D345151B2457CC00397613 /* GCDLabel.m in Sources */,
				97CE937B1AFD9FB2000525AB /* TableViewCell.m in Sources */,
				97CE93761AFD9F63000525AB /* TableViewController.m in Sources */,
			);
			runOnlyForDeploymentPostprocessing = 0;
		};
		97CE935F1AFD9E76000525AB /* Sources */ = {
			isa = PBXSourcesBuildPhase;
			buildActionMask = 2147483647;
			files = (
				97CE936A1AFD9E76000525AB /* TableViewTests.m in Sources */,
			);
			runOnlyForDeploymentPostprocessing = 0;
		};
/* End PBXSourcesBuildPhase section */

/* Begin PBXTargetDependency section */
		97CE93651AFD9E76000525AB /* PBXTargetDependency */ = {
			isa = PBXTargetDependency;
			target = 97CE93491AFD9E76000525AB /* TableView */;
			targetProxy = 97CE93641AFD9E76000525AB /* PBXContainerItemProxy */;
		};
/* End PBXTargetDependency section */

/* Begin PBXVariantGroup section */
		97CE93571AFD9E76000525AB /* Main.storyboard */ = {
			isa = PBXVariantGroup;
			children = (
				97CE93581AFD9E76000525AB /* Base */,
			);
			name = Main.storyboard;
			sourceTree = "<group>";
		};
		97CE935C1AFD9E76000525AB /* LaunchScreen.xib */ = {
			isa = PBXVariantGroup;
			children = (
				97CE935D1AFD9E76000525AB /* Base */,
			);
			name = LaunchScreen.xib;
			sourceTree = "<group>";
		};
/* End PBXVariantGroup section */

/* Begin XCBuildConfiguration section */
		97CE936B1AFD9E76000525AB /* Debug */ = {
			isa = XCBuildConfiguration;
			buildSettings = {
				ALWAYS_SEARCH_USER_PATHS = NO;
				CLANG_CXX_LANGUAGE_STANDARD = "gnu++0x";
				CLANG_CXX_LIBRARY = "libc++";
				CLANG_ENABLE_MODULES = YES;
				CLANG_ENABLE_OBJC_ARC = YES;
				CLANG_WARN_BOOL_CONVERSION = YES;
				CLANG_WARN_CONSTANT_CONVERSION = YES;
				CLANG_WARN_DIRECT_OBJC_ISA_USAGE = YES_ERROR;
				CLANG_WARN_EMPTY_BODY = YES;
				CLANG_WARN_ENUM_CONVERSION = YES;
				CLANG_WARN_INT_CONVERSION = YES;
				CLANG_WARN_OBJC_ROOT_CLASS = YES_ERROR;
				CLANG_WARN_UNREACHABLE_CODE = YES;
				CLANG_WARN__DUPLICATE_METHOD_MATCH = YES;
				"CODE_SIGN_IDENTITY[sdk=iphoneos*]" = "iPhone Developer";
				COPY_PHASE_STRIP = NO;
				DEBUG_INFORMATION_FORMAT = "dwarf-with-dsym";
				ENABLE_STRICT_OBJC_MSGSEND = YES;
				GCC_C_LANGUAGE_STANDARD = gnu99;
				GCC_DYNAMIC_NO_PIC = NO;
				GCC_NO_COMMON_BLOCKS = YES;
				GCC_OPTIMIZATION_LEVEL = 0;
				GCC_PREPROCESSOR_DEFINITIONS = (
					"DEBUG=1",
					"$(inherited)",
				);
				GCC_SYMBOLS_PRIVATE_EXTERN = NO;
				GCC_WARN_64_TO_32_BIT_CONVERSION = YES;
				GCC_WARN_ABOUT_RETURN_TYPE = YES_ERROR;
				GCC_WARN_UNDECLARED_SELECTOR = YES;
				GCC_WARN_UNINITIALIZED_AUTOS = YES_AGGRESSIVE;
				GCC_WARN_UNUSED_FUNCTION = YES;
				GCC_WARN_UNUSED_VARIABLE = YES;
				IPHONEOS_DEPLOYMENT_TARGET = 8.3;
				MTL_ENABLE_DEBUG_INFO = YES;
				ONLY_ACTIVE_ARCH = YES;
				SDKROOT = iphoneos;
			};
			name = Debug;
		};
		97CE936C1AFD9E76000525AB /* Release */ = {
			isa = XCBuildConfiguration;
			buildSettings = {
				ALWAYS_SEARCH_USER_PATHS = NO;
				CLANG_CXX_LANGUAGE_STANDARD = "gnu++0x";
				CLANG_CXX_LIBRARY = "libc++";
				CLANG_ENABLE_MODULES = YES;
				CLANG_ENABLE_OBJC_ARC = YES;
				CLANG_WARN_BOOL_CONVERSION = YES;
				CLANG_WARN_CONSTANT_CONVERSION = YES;
				CLANG_WARN_DIRECT_OBJC_ISA_USAGE = YES_ERROR;
				CLANG_WARN_EMPTY_BODY = YES;
				CLANG_WARN_ENUM_CONVERSION = YES;
				CLANG_WARN_INT_CONVERSION = YES;
				CLANG_WARN_OBJC_ROOT_CLASS = YES_ERROR;
				CLANG_WARN_UNREACHABLE_CODE = YES;
				CLANG_WARN__DUPLICATE_METHOD_MATCH = YES;
				"CODE_SIGN_IDENTITY[sdk=iphoneos*]" = "iPhone Developer";
				COPY_PHASE_STRIP = NO;
				DEBUG_INFORMATION_FORMAT = "dwarf-with-dsym";
				ENABLE_NS_ASSERTIONS = NO;
				ENABLE_STRICT_OBJC_MSGSEND = YES;
				GCC_C_LANGUAGE_STANDARD = gnu99;
				GCC_NO_COMMON_BLOCKS = YES;
				GCC_WARN_64_TO_32_BIT_CONVERSION = YES;
				GCC_WARN_ABOUT_RETURN_TYPE = YES_ERROR;
				GCC_WARN_UNDECLARED_SELECTOR = YES;
				GCC_WARN_UNINITIALIZED_AUTOS = YES_AGGRESSIVE;
				GCC_WARN_UNUSED_FUNCTION = YES;
				GCC_WARN_UNUSED_VARIABLE = YES;
				IPHONEOS_DEPLOYMENT_TARGET = 8.3;
				MTL_ENABLE_DEBUG_INFO = NO;
				SDKROOT = iphoneos;
				VALIDATE_PRODUCT = YES;
			};
			name = Release;
		};
		97CE936E1AFD9E76000525AB /* Debug */ = {
			isa = XCBuildConfiguration;
			buildSettings = {
				ASSETCATALOG_COMPILER_APPICON_NAME = AppIcon;
				INFOPLIST_FILE = TableView/Info.plist;
				IPHONEOS_DEPLOYMENT_TARGET = 7.0;
				LD_RUNPATH_SEARCH_PATHS = "$(inherited) @executable_path/Frameworks";
				PRODUCT_NAME = "$(TARGET_NAME)";
			};
			name = Debug;
		};
		97CE936F1AFD9E76000525AB /* Release */ = {
			isa = XCBuildConfiguration;
			buildSettings = {
				ASSETCATALOG_COMPILER_APPICON_NAME = AppIcon;
				INFOPLIST_FILE = TableView/Info.plist;
				IPHONEOS_DEPLOYMENT_TARGET = 7.0;
				LD_RUNPATH_SEARCH_PATHS = "$(inherited) @executable_path/Frameworks";
				PRODUCT_NAME = "$(TARGET_NAME)";
			};
			name = Release;
		};
		97CE93711AFD9E76000525AB /* Debug */ = {
			isa = XCBuildConfiguration;
			buildSettings = {
				BUNDLE_LOADER = "$(TEST_HOST)";
				FRAMEWORK_SEARCH_PATHS = (
					"$(SDKROOT)/Developer/Library/Frameworks",
					"$(inherited)",
				);
				GCC_PREPROCESSOR_DEFINITIONS = (
					"DEBUG=1",
					"$(inherited)",
				);
				INFOPLIST_FILE = TableViewTests/Info.plist;
				LD_RUNPATH_SEARCH_PATHS = "$(inherited) @executable_path/Frameworks @loader_path/Frameworks";
				PRODUCT_NAME = "$(TARGET_NAME)";
				TEST_HOST = "$(BUILT_PRODUCTS_DIR)/TableView.app/TableView";
			};
			name = Debug;
		};
		97CE93721AFD9E76000525AB /* Release */ = {
			isa = XCBuildConfiguration;
			buildSettings = {
				BUNDLE_LOADER = "$(TEST_HOST)";
				FRAMEWORK_SEARCH_PATHS = (
					"$(SDKROOT)/Developer/Library/Frameworks",
					"$(inherited)",
				);
				INFOPLIST_FILE = TableViewTests/Info.plist;
				LD_RUNPATH_SEARCH_PATHS = "$(inherited) @executable_path/Frameworks @loader_path/Frameworks";
				PRODUCT_NAME = "$(TARGET_NAME)";
				TEST_HOST = "$(BUILT_PRODUCTS_DIR)/TableView.app/TableView";
			};
			name = Release;
		};
/* End XCBuildConfiguration section */

/* Begin XCConfigurationList section */
		97CE93451AFD9E76000525AB /* Build configuration list for PBXProject "TableView" */ = {
			isa = XCConfigurationList;
			buildConfigurations = (
				97CE936B1AFD9E76000525AB /* Debug */,
				97CE936C1AFD9E76000525AB /* Release */,
			);
			defaultConfigurationIsVisible = 0;
			defaultConfigurationName = Release;
		};
		97CE936D1AFD9E76000525AB /* Build configuration list for PBXNativeTarget "TableView" */ = {
			isa = XCConfigurationList;
			buildConfigurations = (
				97CE936E1AFD9E76000525AB /* Debug */,
				97CE936F1AFD9E76000525AB /* Release */,
			);
			defaultConfigurationIsVisible = 0;
			defaultConfigurationName = Release;
		};
		97CE93701AFD9E76000525AB /* Build configuration list for PBXNativeTarget "TableViewTests" */ = {
			isa = XCConfigurationList;
			buildConfigurations = (
				97CE93711AFD9E76000525AB /* Debug */,
				97CE93721AFD9E76000525AB /* Release */,
			);
			defaultConfigurationIsVisible = 0;
			defaultConfigurationName = Release;
		};
/* End XCConfigurationList section */
	};
	rootObject = 97CE93421AFD9E76000525AB /* Project object */;
}
