// !$*UTF8*$!
{
	archiveVersion = 1;
	classes = {
	};
	objectVersion = 46;
	objects = {

/* Begin PBXBuildFile section */
		97F403B01AD8AD7F002CBF3F /* main.m in Sources */ = {isa = PBXBuildFile; fileRef = 97F403AF1AD8AD7F002CBF3F /* main.m */; };
		97F403B31AD8AD7F002CBF3F /* AppDelegate.mm in Sources */ = {isa = PBXBuildFile; fileRef = 97F403B21AD8AD7F002CBF3F /* AppDelegate.mm */; };
		97F403B61AD8AD7F002CBF3F /* ViewController.mm in Sources */ = {isa = PBXBuildFile; fileRef = 97F403B51AD8AD7F002CBF3F /* ViewController.mm */; };
		97F403B91AD8AD7F002CBF3F /* Main.storyboard in Resources */ = {isa = PBXBuildFile; fileRef = 97F403B71AD8AD7F002CBF3F /* Main.storyboard */; };
		97F403BB1AD8AD7F002CBF3F /* Images.xcassets in Resources */ = {isa = PBXBuildFile; fileRef = 97F403BA1AD8AD7F002CBF3F /* Images.xcassets */; };
		97F403BE1AD8AD7F002CBF3F /* LaunchScreen.xib in Resources */ = {isa = PBXBuildFile; fileRef = 97F403BC1AD8AD7F002CBF3F /* LaunchScreen.xib */; };
		97F403CA1AD8AD80002CBF3F /* componentkitDemoTests.m in Sources */ = {isa = PBXBuildFile; fileRef = 97F403C91AD8AD80002CBF3F /* componentkitDemoTests.m */; };
		BD41E8DC70E177A4F1653242 /* libPods.a in Frameworks */ = {isa = PBXBuildFile; fileRef = 467F83AB8F6B43674C52558A /* libPods.a */; };
/* End PBXBuildFile section */

/* Begin PBXContainerItemProxy section */
		97F403C41AD8AD80002CBF3F /* PBXContainerItemProxy */ = {
			isa = PBXContainerItemProxy;
			containerPortal = 97F403A21AD8AD7F002CBF3F /* Project object */;
			proxyType = 1;
			remoteGlobalIDString = 97F403A91AD8AD7F002CBF3F;
			remoteInfo = componentkitDemo;
		};
/* End PBXContainerItemProxy section */

/* Begin PBXFileReference section */
		467F83AB8F6B43674C52558A /* libPods.a */ = {isa = PBXFileReference; explicitFileType = archive.ar; includeInIndex = 0; path = libPods.a; sourceTree = BUILT_PRODUCTS_DIR; };
		95AB99B13FBBF08B4CBACFB4 /* Pods.release.xcconfig */ = {isa = PBXFileReference; includeInIndex = 1; lastKnownFileType = text.xcconfig; name = Pods.release.xcconfig; path = "Pods/Target Support Files/Pods/Pods.release.xcconfig"; sourceTree = "<group>"; };
		97F403AA1AD8AD7F002CBF3F /* componentkitDemo.app */ = {isa = PBXFileReference; explicitFileType = wrapper.application; includeInIndex = 0; path = componentkitDemo.app; sourceTree = BUILT_PRODUCTS_DIR; };
		97F403AE1AD8AD7F002CBF3F /* Info.plist */ = {isa = PBXFileReference; lastKnownFileType = text.plist.xml; path = Info.plist; sourceTree = "<group>"; };
		97F403AF1AD8AD7F002CBF3F /* main.m */ = {isa = PBXFileReference; lastKnownFileType = sourcecode.c.objc; path = main.m; sourceTree = "<group>"; };
		97F403B11AD8AD7F002CBF3F /* AppDelegate.h */ = {isa = PBXFileReference; lastKnownFileType = sourcecode.c.h; path = AppDelegate.h; sourceTree = "<group>"; };
		97F403B21AD8AD7F002CBF3F /* AppDelegate.mm */ = {isa = PBXFileReference; lastKnownFileType = sourcecode.cpp.objcpp; path = AppDelegate.mm; sourceTree = "<group>"; };
		97F403B41AD8AD7F002CBF3F /* ViewController.h */ = {isa = PBXFileReference; lastKnownFileType = sourcecode.c.h; path = ViewController.h; sourceTree = "<group>"; };
		97F403B51AD8AD7F002CBF3F /* ViewController.mm */ = {isa = PBXFileReference; lastKnownFileType = sourcecode.cpp.objcpp; path = ViewController.mm; sourceTree = "<group>"; };
		97F403B81AD8AD7F002CBF3F /* Base */ = {isa = PBXFileReference; lastKnownFileType = file.storyboard; name = Base; path = Base.lproj/Main.storyboard; sourceTree = "<group>"; };
		97F403BA1AD8AD7F002CBF3F /* Images.xcassets */ = {isa = PBXFileReference; lastKnownFileType = folder.assetcatalog; path = Images.xcassets; sourceTree = "<group>"; };
		97F403BD1AD8AD7F002CBF3F /* Base */ = {isa = PBXFileReference; lastKnownFileType = file.xib; name = Base; path = Base.lproj/LaunchScreen.xib; sourceTree = "<group>"; };
		97F403C31AD8AD80002CBF3F /* componentkitDemoTests.xctest */ = {isa = PBXFileReference; explicitFileType = wrapper.cfbundle; includeInIndex = 0; path = componentkitDemoTests.xctest; sourceTree = BUILT_PRODUCTS_DIR; };
		97F403C81AD8AD80002CBF3F /* Info.plist */ = {isa = PBXFileReference; lastKnownFileType = text.plist.xml; path = Info.plist; sourceTree = "<group>"; };
		97F403C91AD8AD80002CBF3F /* componentkitDemoTests.m */ = {isa = PBXFileReference; lastKnownFileType = sourcecode.c.objc; path = componentkitDemoTests.m; sourceTree = "<group>"; };
		C109B75FD05F8E25F72F4F25 /* Pods.debug.xcconfig */ = {isa = PBXFileReference; includeInIndex = 1; lastKnownFileType = text.xcconfig; name = Pods.debug.xcconfig; path = "Pods/Target Support Files/Pods/Pods.debug.xcconfig"; sourceTree = "<group>"; };
/* End PBXFileReference section */

/* Begin PBXFrameworksBuildPhase section */
		97F403A71AD8AD7F002CBF3F /* Frameworks */ = {
			isa = PBXFrameworksBuildPhase;
			buildActionMask = 2147483647;
			files = (
				BD41E8DC70E177A4F1653242 /* libPods.a in Frameworks */,
			);
			runOnlyForDeploymentPostprocessing = 0;
		};
		97F403C01AD8AD80002CBF3F /* Frameworks */ = {
			isa = PBXFrameworksBuildPhase;
			buildActionMask = 2147483647;
			files = (
			);
			runOnlyForDeploymentPostprocessing = 0;
		};
/* End PBXFrameworksBuildPhase section */

/* Begin PBXGroup section */
		97F403A11AD8AD7F002CBF3F = {
			isa = PBXGroup;
			children = (
				97F403AC1AD8AD7F002CBF3F /* componentkitDemo */,
				97F403C61AD8AD80002CBF3F /* componentkitDemoTests */,
				97F403AB1AD8AD7F002CBF3F /* Products */,
				F7D0BAAE96BB6961071AD5F7 /* Pods */,
				B37E5F94A2D7419D08A50884 /* Frameworks */,
			);
			sourceTree = "<group>";
		};
		97F403AB1AD8AD7F002CBF3F /* Products */ = {
			isa = PBXGroup;
			children = (
				97F403AA1AD8AD7F002CBF3F /* componentkitDemo.app */,
				97F403C31AD8AD80002CBF3F /* componentkitDemoTests.xctest */,
			);
			name = Products;
			sourceTree = "<group>";
		};
		97F403AC1AD8AD7F002CBF3F /* componentkitDemo */ = {
			isa = PBXGroup;
			children = (
				97F403B11AD8AD7F002CBF3F /* AppDelegate.h */,
				97F403B21AD8AD7F002CBF3F /* AppDelegate.mm */,
				97F403B41AD8AD7F002CBF3F /* ViewController.h */,
				97F403B51AD8AD7F002CBF3F /* ViewController.mm */,
				97F403B71AD8AD7F002CBF3F /* Main.storyboard */,
				97F403BA1AD8AD7F002CBF3F /* Images.xcassets */,
				97F403BC1AD8AD7F002CBF3F /* LaunchScreen.xib */,
				97F403AD1AD8AD7F002CBF3F /* Supporting Files */,
			);
			path = componentkitDemo;
			sourceTree = "<group>";
		};
		97F403AD1AD8AD7F002CBF3F /* Supporting Files */ = {
			isa = PBXGroup;
			children = (
				97F403AE1AD8AD7F002CBF3F /* Info.plist */,
				97F403AF1AD8AD7F002CBF3F /* main.m */,
			);
			name = "Supporting Files";
			sourceTree = "<group>";
		};
		97F403C61AD8AD80002CBF3F /* componentkitDemoTests */ = {
			isa = PBXGroup;
			children = (
				97F403C91AD8AD80002CBF3F /* componentkitDemoTests.m */,
				97F403C71AD8AD80002CBF3F /* Supporting Files */,
			);
			path = componentkitDemoTests;
			sourceTree = "<group>";
		};
		97F403C71AD8AD80002CBF3F /* Supporting Files */ = {
			isa = PBXGroup;
			children = (
				97F403C81AD8AD80002CBF3F /* Info.plist */,
			);
			name = "Supporting Files";
			sourceTree = "<group>";
		};
		B37E5F94A2D7419D08A50884 /* Frameworks */ = {
			isa = PBXGroup;
			children = (
				467F83AB8F6B43674C52558A /* libPods.a */,
			);
			name = Frameworks;
			sourceTree = "<group>";
		};
		F7D0BAAE96BB6961071AD5F7 /* Pods */ = {
			isa = PBXGroup;
			children = (
				C109B75FD05F8E25F72F4F25 /* Pods.debug.xcconfig */,
				95AB99B13FBBF08B4CBACFB4 /* Pods.release.xcconfig */,
			);
			name = Pods;
			sourceTree = "<group>";
		};
/* End PBXGroup section */

/* Begin PBXNativeTarget section */
		97F403A91AD8AD7F002CBF3F /* componentkitDemo */ = {
			isa = PBXNativeTarget;
			buildConfigurationList = 97F403CD1AD8AD80002CBF3F /* Build configuration list for PBXNativeTarget "componentkitDemo" */;
			buildPhases = (
				B1177330B53055F95A3D3627 /* Check Pods Manifest.lock */,
				97F403A61AD8AD7F002CBF3F /* Sources */,
				97F403A71AD8AD7F002CBF3F /* Frameworks */,
				97F403A81AD8AD7F002CBF3F /* Resources */,
				5623F032BE6DC7295D84AE23 /* Copy Pods Resources */,
			);
			buildRules = (
			);
			dependencies = (
			);
			name = componentkitDemo;
			productName = componentkitDemo;
			productReference = 97F403AA1AD8AD7F002CBF3F /* componentkitDemo.app */;
			productType = "com.apple.product-type.application";
		};
		97F403C21AD8AD80002CBF3F /* componentkitDemoTests */ = {
			isa = PBXNativeTarget;
			buildConfigurationList = 97F403D01AD8AD80002CBF3F /* Build configuration list for PBXNativeTarget "componentkitDemoTests" */;
			buildPhases = (
				97F403BF1AD8AD80002CBF3F /* Sources */,
				97F403C01AD8AD80002CBF3F /* Frameworks */,
				97F403C11AD8AD80002CBF3F /* Resources */,
			);
			buildRules = (
			);
			dependencies = (
				97F403C51AD8AD80002CBF3F /* PBXTargetDependency */,
			);
			name = componentkitDemoTests;
			productName = componentkitDemoTests;
			productReference = 97F403C31AD8AD80002CBF3F /* componentkitDemoTests.xctest */;
			productType = "com.apple.product-type.bundle.unit-test";
		};
/* End PBXNativeTarget section */

/* Begin PBXProject section */
		97F403A21AD8AD7F002CBF3F /* Project object */ = {
			isa = PBXProject;
			attributes = {
				LastUpgradeCheck = 0630;
				ORGANIZATIONNAME = August;
				TargetAttributes = {
					97F403A91AD8AD7F002CBF3F = {
						CreatedOnToolsVersion = 6.3;
					};
					97F403C21AD8AD80002CBF3F = {
						CreatedOnToolsVersion = 6.3;
						TestTargetID = 97F403A91AD8AD7F002CBF3F;
					};
				};
			};
			buildConfigurationList = 97F403A51AD8AD7F002CBF3F /* Build configuration list for PBXProject "componentkitDemo" */;
			compatibilityVersion = "Xcode 3.2";
			developmentRegion = English;
			hasScannedForEncodings = 0;
			knownRegions = (
				en,
				Base,
			);
			mainGroup = 97F403A11AD8AD7F002CBF3F;
			productRefGroup = 97F403AB1AD8AD7F002CBF3F /* Products */;
			projectDirPath = "";
			projectRoot = "";
			targets = (
				97F403A91AD8AD7F002CBF3F /* componentkitDemo */,
				97F403C21AD8AD80002CBF3F /* componentkitDemoTests */,
			);
		};
/* End PBXProject section */

/* Begin PBXResourcesBuildPhase section */
		97F403A81AD8AD7F002CBF3F /* Resources */ = {
			isa = PBXResourcesBuildPhase;
			buildActionMask = 2147483647;
			files = (
				97F403B91AD8AD7F002CBF3F /* Main.storyboard in Resources */,
				97F403BE1AD8AD7F002CBF3F /* LaunchScreen.xib in Resources */,
				97F403BB1AD8AD7F002CBF3F /* Images.xcassets in Resources */,
			);
			runOnlyForDeploymentPostprocessing = 0;
		};
		97F403C11AD8AD80002CBF3F /* Resources */ = {
			isa = PBXResourcesBuildPhase;
			buildActionMask = 2147483647;
			files = (
			);
			runOnlyForDeploymentPostprocessing = 0;
		};
/* End PBXResourcesBuildPhase section */

/* Begin PBXShellScriptBuildPhase section */
		5623F032BE6DC7295D84AE23 /* Copy Pods Resources */ = {
			isa = PBXShellScriptBuildPhase;
			buildActionMask = 2147483647;
			files = (
			);
			inputPaths = (
			);
			name = "Copy Pods Resources";
			outputPaths = (
			);
			runOnlyForDeploymentPostprocessing = 0;
			shellPath = /bin/sh;
			shellScript = "\"${SRCROOT}/Pods/Target Support Files/Pods/Pods-resources.sh\"\n";
			showEnvVarsInLog = 0;
		};
		B1177330B53055F95A3D3627 /* Check Pods Manifest.lock */ = {
			isa = PBXShellScriptBuildPhase;
			buildActionMask = 2147483647;
			files = (
			);
			inputPaths = (
			);
			name = "Check Pods Manifest.lock";
			outputPaths = (
			);
			runOnlyForDeploymentPostprocessing = 0;
			shellPath = /bin/sh;
			shellScript = "diff \"${PODS_ROOT}/../Podfile.lock\" \"${PODS_ROOT}/Manifest.lock\" > /dev/null\nif [[ $? != 0 ]] ; then\n    cat << EOM\nerror: The sandbox is not in sync with the Podfile.lock. Run 'pod install' or update your CocoaPods installation.\nEOM\n    exit 1\nfi\n";
			showEnvVarsInLog = 0;
		};
/* End PBXShellScriptBuildPhase section */

/* Begin PBXSourcesBuildPhase section */
		97F403A61AD8AD7F002CBF3F /* Sources */ = {
			isa = PBXSourcesBuildPhase;
			buildActionMask = 2147483647;
			files = (
				97F403B61AD8AD7F002CBF3F /* ViewController.mm in Sources */,
				97F403B31AD8AD7F002CBF3F /* AppDelegate.mm in Sources */,
				97F403B01AD8AD7F002CBF3F /* main.m in Sources */,
			);
			runOnlyForDeploymentPostprocessing = 0;
		};
		97F403BF1AD8AD80002CBF3F /* Sources */ = {
			isa = PBXSourcesBuildPhase;
			buildActionMask = 2147483647;
			files = (
				97F403CA1AD8AD80002CBF3F /* componentkitDemoTests.m in Sources */,
			);
			runOnlyForDeploymentPostprocessing = 0;
		};
/* End PBXSourcesBuildPhase section */

/* Begin PBXTargetDependency section */
		97F403C51AD8AD80002CBF3F /* PBXTargetDependency */ = {
			isa = PBXTargetDependency;
			target = 97F403A91AD8AD7F002CBF3F /* componentkitDemo */;
			targetProxy = 97F403C41AD8AD80002CBF3F /* PBXContainerItemProxy */;
		};
/* End PBXTargetDependency section */

/* Begin PBXVariantGroup section */
		97F403B71AD8AD7F002CBF3F /* Main.storyboard */ = {
			isa = PBXVariantGroup;
			children = (
				97F403B81AD8AD7F002CBF3F /* Base */,
			);
			name = Main.storyboard;
			sourceTree = "<group>";
		};
		97F403BC1AD8AD7F002CBF3F /* LaunchScreen.xib */ = {
			isa = PBXVariantGroup;
			children = (
				97F403BD1AD8AD7F002CBF3F /* Base */,
			);
			name = LaunchScreen.xib;
			sourceTree = "<group>";
		};
/* End PBXVariantGroup section */

/* Begin XCBuildConfiguration section */
		97F403CB1AD8AD80002CBF3F /* Debug */ = {
			isa = XCBuildConfiguration;
			buildSettings = {
				ALWAYS_SEARCH_USER_PATHS = NO;
				CLANG_CXX_LANGUAGE_STANDARD = "gnu++0x";
				CLANG_CXX_LIBRARY = "libc++";
				CLANG_ENABLE_MODULES = YES;
				CLANG_ENABLE_OBJC_ARC = YES;
				CLANG_WARN_BOOL_CONVERSION = YES;
				CLANG_WARN_CONSTANT_CONVERSION = YES;
				CLANG_WARN_DIRECT_OBJC_ISA_USAGE = YES_ERROR;
				CLANG_WARN_EMPTY_BODY = YES;
				CLANG_WARN_ENUM_CONVERSION = YES;
				CLANG_WARN_INT_CONVERSION = YES;
				CLANG_WARN_OBJC_ROOT_CLASS = YES_ERROR;
				CLANG_WARN_UNREACHABLE_CODE = YES;
				CLANG_WARN__DUPLICATE_METHOD_MATCH = YES;
				"CODE_SIGN_IDENTITY[sdk=iphoneos*]" = "iPhone Developer";
				COPY_PHASE_STRIP = NO;
				DEBUG_INFORMATION_FORMAT = "dwarf-with-dsym";
				ENABLE_STRICT_OBJC_MSGSEND = YES;
				GCC_C_LANGUAGE_STANDARD = gnu99;
				GCC_DYNAMIC_NO_PIC = NO;
				GCC_NO_COMMON_BLOCKS = YES;
				GCC_OPTIMIZATION_LEVEL = 0;
				GCC_PREPROCESSOR_DEFINITIONS = (
					"DEBUG=1",
					"$(inherited)",
				);
				GCC_SYMBOLS_PRIVATE_EXTERN = NO;
				GCC_WARN_64_TO_32_BIT_CONVERSION = YES;
				GCC_WARN_ABOUT_RETURN_TYPE = YES_ERROR;
				GCC_WARN_UNDECLARED_SELECTOR = YES;
				GCC_WARN_UNINITIALIZED_AUTOS = YES_AGGRESSIVE;
				GCC_WARN_UNUSED_FUNCTION = YES;
				GCC_WARN_UNUSED_VARIABLE = YES;
				IPHONEOS_DEPLOYMENT_TARGET = 8.3;
				MTL_ENABLE_DEBUG_INFO = YES;
				ONLY_ACTIVE_ARCH = YES;
				SDKROOT = iphoneos;
			};
			name = Debug;
		};
		97F403CC1AD8AD80002CBF3F /* Release */ = {
			isa = XCBuildConfiguration;
			buildSettings = {
				ALWAYS_SEARCH_USER_PATHS = NO;
				CLANG_CXX_LANGUAGE_STANDARD = "gnu++0x";
				CLANG_CXX_LIBRARY = "libc++";
				CLANG_ENABLE_MODULES = YES;
				CLANG_ENABLE_OBJC_ARC = YES;
				CLANG_WARN_BOOL_CONVERSION = YES;
				CLANG_WARN_CONSTANT_CONVERSION = YES;
				CLANG_WARN_DIRECT_OBJC_ISA_USAGE = YES_ERROR;
				CLANG_WARN_EMPTY_BODY = YES;
				CLANG_WARN_ENUM_CONVERSION = YES;
				CLANG_WARN_INT_CONVERSION = YES;
				CLANG_WARN_OBJC_ROOT_CLASS = YES_ERROR;
				CLANG_WARN_UNREACHABLE_CODE = YES;
				CLANG_WARN__DUPLICATE_METHOD_MATCH = YES;
				"CODE_SIGN_IDENTITY[sdk=iphoneos*]" = "iPhone Developer";
				COPY_PHASE_STRIP = NO;
				DEBUG_INFORMATION_FORMAT = "dwarf-with-dsym";
				ENABLE_NS_ASSERTIONS = NO;
				ENABLE_STRICT_OBJC_MSGSEND = YES;
				GCC_C_LANGUAGE_STANDARD = gnu99;
				GCC_NO_COMMON_BLOCKS = YES;
				GCC_WARN_64_TO_32_BIT_CONVERSION = YES;
				GCC_WARN_ABOUT_RETURN_TYPE = YES_ERROR;
				GCC_WARN_UNDECLARED_SELECTOR = YES;
				GCC_WARN_UNINITIALIZED_AUTOS = YES_AGGRESSIVE;
				GCC_WARN_UNUSED_FUNCTION = YES;
				GCC_WARN_UNUSED_VARIABLE = YES;
				IPHONEOS_DEPLOYMENT_TARGET = 8.3;
				MTL_ENABLE_DEBUG_INFO = NO;
				SDKROOT = iphoneos;
				VALIDATE_PRODUCT = YES;
			};
			name = Release;
		};
		97F403CE1AD8AD80002CBF3F /* Debug */ = {
			isa = XCBuildConfiguration;
			baseConfigurationReference = C109B75FD05F8E25F72F4F25 /* Pods.debug.xcconfig */;
			buildSettings = {
				ASSETCATALOG_COMPILER_APPICON_NAME = AppIcon;
				INFOPLIST_FILE = componentkitDemo/Info.plist;
				LD_RUNPATH_SEARCH_PATHS = "$(inherited) @executable_path/Frameworks";
				PRODUCT_NAME = "$(TARGET_NAME)";
			};
			name = Debug;
		};
		97F403CF1AD8AD80002CBF3F /* Release */ = {
			isa = XCBuildConfiguration;
			baseConfigurationReference = 95AB99B13FBBF08B4CBACFB4 /* Pods.release.xcconfig */;
			buildSettings = {
				ASSETCATALOG_COMPILER_APPICON_NAME = AppIcon;
				INFOPLIST_FILE = componentkitDemo/Info.plist;
				LD_RUNPATH_SEARCH_PATHS = "$(inherited) @executable_path/Frameworks";
				PRODUCT_NAME = "$(TARGET_NAME)";
			};
			name = Release;
		};
		97F403D11AD8AD80002CBF3F /* Debug */ = {
			isa = XCBuildConfiguration;
			buildSettings = {
				BUNDLE_LOADER = "$(TEST_HOST)";
				FRAMEWORK_SEARCH_PATHS = (
					"$(SDKROOT)/Developer/Library/Frameworks",
					"$(inherited)",
				);
				GCC_PREPROCESSOR_DEFINITIONS = (
					"DEBUG=1",
					"$(inherited)",
				);
				INFOPLIST_FILE = componentkitDemoTests/Info.plist;
				LD_RUNPATH_SEARCH_PATHS = "$(inherited) @executable_path/Frameworks @loader_path/Frameworks";
				PRODUCT_NAME = "$(TARGET_NAME)";
				TEST_HOST = "$(BUILT_PRODUCTS_DIR)/componentkitDemo.app/componentkitDemo";
			};
			name = Debug;
		};
		97F403D21AD8AD80002CBF3F /* Release */ = {
			isa = XCBuildConfiguration;
			buildSettings = {
				BUNDLE_LOADER = "$(TEST_HOST)";
				FRAMEWORK_SEARCH_PATHS = (
					"$(SDKROOT)/Developer/Library/Frameworks",
					"$(inherited)",
				);
				INFOPLIST_FILE = componentkitDemoTests/Info.plist;
				LD_RUNPATH_SEARCH_PATHS = "$(inherited) @executable_path/Frameworks @loader_path/Frameworks";
				PRODUCT_NAME = "$(TARGET_NAME)";
				TEST_HOST = "$(BUILT_PRODUCTS_DIR)/componentkitDemo.app/componentkitDemo";
			};
			name = Release;
		};
/* End XCBuildConfiguration section */

/* Begin XCConfigurationList section */
		97F403A51AD8AD7F002CBF3F /* Build configuration list for PBXProject "componentkitDemo" */ = {
			isa = XCConfigurationList;
			buildConfigurations = (
				97F403CB1AD8AD80002CBF3F /* Debug */,
				97F403CC1AD8AD80002CBF3F /* Release */,
			);
			defaultConfigurationIsVisible = 0;
			defaultConfigurationName = Release;
		};
		97F403CD1AD8AD80002CBF3F /* Build configuration list for PBXNativeTarget "componentkitDemo" */ = {
			isa = XCConfigurationList;
			buildConfigurations = (
				97F403CE1AD8AD80002CBF3F /* Debug */,
				97F403CF1AD8AD80002CBF3F /* Release */,
			);
			defaultConfigurationIsVisible = 0;
			defaultConfigurationName = Release;
		};
		97F403D01AD8AD80002CBF3F /* Build configuration list for PBXNativeTarget "componentkitDemoTests" */ = {
			isa = XCConfigurationList;
			buildConfigurations = (
				97F403D11AD8AD80002CBF3F /* Debug */,
				97F403D21AD8AD80002CBF3F /* Release */,
			);
			defaultConfigurationIsVisible = 0;
			defaultConfigurationName = Release;
		};
/* End XCConfigurationList section */
	};
	rootObject = 97F403A21AD8AD7F002CBF3F /* Project object */;
}
