// !$*UTF8*$!
{
	archiveVersion = 1;
	classes = {
	};
	objectVersion = 46;
	objects = {

/* Begin PBXBuildFile section */
		97D03F1F1B2E8565001FB2C4 /* main.m in Sources */ = {isa = PBXBuildFile; fileRef = 97D03F1E1B2E8565001FB2C4 /* main.m */; };
		97D03F221B2E8565001FB2C4 /* AppDelegate.m in Sources */ = {isa = PBXBuildFile; fileRef = 97D03F211B2E8565001FB2C4 /* AppDelegate.m */; };
		97D03F251B2E8565001FB2C4 /* ViewController.m in Sources */ = {isa = PBXBuildFile; fileRef = 97D03F241B2E8565001FB2C4 /* ViewController.m */; };
		97D03F281B2E8565001FB2C4 /* Main.storyboard in Resources */ = {isa = PBXBuildFile; fileRef = 97D03F261B2E8565001FB2C4 /* Main.storyboard */; };
		97D03F2A1B2E8565001FB2C4 /* Images.xcassets in Resources */ = {isa = PBXBuildFile; fileRef = 97D03F291B2E8565001FB2C4 /* Images.xcassets */; };
		97D03F2D1B2E8565001FB2C4 /* LaunchScreen.xib in Resources */ = {isa = PBXBuildFile; fileRef = 97D03F2B1B2E8565001FB2C4 /* LaunchScreen.xib */; };
		97D03F391B2E8565001FB2C4 /* CoreTextDemoTests.m in Sources */ = {isa = PBXBuildFile; fileRef = 97D03F381B2E8565001FB2C4 /* CoreTextDemoTests.m */; };
		97D03F441B2E8612001FB2C4 /* CommonCell.m in Sources */ = {isa = PBXBuildFile; fileRef = 97D03F431B2E8612001FB2C4 /* CommonCell.m */; };
		97D03F471B2E886C001FB2C4 /* CoreTextView.m in Sources */ = {isa = PBXBuildFile; fileRef = 97D03F461B2E886C001FB2C4 /* CoreTextView.m */; };
		97D03F491B2E8B53001FB2C4 /* CoreText.framework in Frameworks */ = {isa = PBXBuildFile; fileRef = 97D03F481B2E8B53001FB2C4 /* CoreText.framework */; };
		97D03F4C1B2E9971001FB2C4 /* CoreTextCell.m in Sources */ = {isa = PBXBuildFile; fileRef = 97D03F4B1B2E9971001FB2C4 /* CoreTextCell.m */; };
/* End PBXBuildFile section */

/* Begin PBXContainerItemProxy section */
		97D03F331B2E8565001FB2C4 /* PBXContainerItemProxy */ = {
			isa = PBXContainerItemProxy;
			containerPortal = 97D03F111B2E8565001FB2C4 /* Project object */;
			proxyType = 1;
			remoteGlobalIDString = 97D03F181B2E8565001FB2C4;
			remoteInfo = CoreTextDemo;
		};
/* End PBXContainerItemProxy section */

/* Begin PBXFileReference section */
		97D03F191B2E8565001FB2C4 /* CoreTextDemo.app */ = {isa = PBXFileReference; explicitFileType = wrapper.application; includeInIndex = 0; path = CoreTextDemo.app; sourceTree = BUILT_PRODUCTS_DIR; };
		97D03F1D1B2E8565001FB2C4 /* Info.plist */ = {isa = PBXFileReference; lastKnownFileType = text.plist.xml; path = Info.plist; sourceTree = "<group>"; };
		97D03F1E1B2E8565001FB2C4 /* main.m */ = {isa = PBXFileReference; lastKnownFileType = sourcecode.c.objc; path = main.m; sourceTree = "<group>"; };
		97D03F201B2E8565001FB2C4 /* AppDelegate.h */ = {isa = PBXFileReference; lastKnownFileType = sourcecode.c.h; path = AppDelegate.h; sourceTree = "<group>"; };
		97D03F211B2E8565001FB2C4 /* AppDelegate.m */ = {isa = PBXFileReference; lastKnownFileType = sourcecode.c.objc; path = AppDelegate.m; sourceTree = "<group>"; };
		97D03F231B2E8565001FB2C4 /* ViewController.h */ = {isa = PBXFileReference; lastKnownFileType = sourcecode.c.h; path = ViewController.h; sourceTree = "<group>"; };
		97D03F241B2E8565001FB2C4 /* ViewController.m */ = {isa = PBXFileReference; lastKnownFileType = sourcecode.c.objc; path = ViewController.m; sourceTree = "<group>"; };
		97D03F271B2E8565001FB2C4 /* Base */ = {isa = PBXFileReference; lastKnownFileType = file.storyboard; name = Base; path = Base.lproj/Main.storyboard; sourceTree = "<group>"; };
		97D03F291B2E8565001FB2C4 /* Images.xcassets */ = {isa = PBXFileReference; lastKnownFileType = folder.assetcatalog; path = Images.xcassets; sourceTree = "<group>"; };
		97D03F2C1B2E8565001FB2C4 /* Base */ = {isa = PBXFileReference; lastKnownFileType = file.xib; name = Base; path = Base.lproj/LaunchScreen.xib; sourceTree = "<group>"; };
		97D03F321B2E8565001FB2C4 /* CoreTextDemoTests.xctest */ = {isa = PBXFileReference; explicitFileType = wrapper.cfbundle; includeInIndex = 0; path = CoreTextDemoTests.xctest; sourceTree = BUILT_PRODUCTS_DIR; };
		97D03F371B2E8565001FB2C4 /* Info.plist */ = {isa = PBXFileReference; lastKnownFileType = text.plist.xml; path = Info.plist; sourceTree = "<group>"; };
		97D03F381B2E8565001FB2C4 /* CoreTextDemoTests.m */ = {isa = PBXFileReference; lastKnownFileType = sourcecode.c.objc; path = CoreTextDemoTests.m; sourceTree = "<group>"; };
		97D03F421B2E8612001FB2C4 /* CommonCell.h */ = {isa = PBXFileReference; fileEncoding = 4; lastKnownFileType = sourcecode.c.h; path = CommonCell.h; sourceTree = "<group>"; };
		97D03F431B2E8612001FB2C4 /* CommonCell.m */ = {isa = PBXFileReference; fileEncoding = 4; lastKnownFileType = sourcecode.c.objc; path = CommonCell.m; sourceTree = "<group>"; };
		97D03F451B2E886C001FB2C4 /* CoreTextView.h */ = {isa = PBXFileReference; fileEncoding = 4; lastKnownFileType = sourcecode.c.h; path = CoreTextView.h; sourceTree = "<group>"; };
		97D03F461B2E886C001FB2C4 /* CoreTextView.m */ = {isa = PBXFileReference; fileEncoding = 4; lastKnownFileType = sourcecode.c.objc; path = CoreTextView.m; sourceTree = "<group>"; };
		97D03F481B2E8B53001FB2C4 /* CoreText.framework */ = {isa = PBXFileReference; lastKnownFileType = wrapper.framework; name = CoreText.framework; path = System/Library/Frameworks/CoreText.framework; sourceTree = SDKROOT; };
		97D03F4A1B2E9971001FB2C4 /* CoreTextCell.h */ = {isa = PBXFileReference; fileEncoding = 4; lastKnownFileType = sourcecode.c.h; path = CoreTextCell.h; sourceTree = "<group>"; };
		97D03F4B1B2E9971001FB2C4 /* CoreTextCell.m */ = {isa = PBXFileReference; fileEncoding = 4; lastKnownFileType = sourcecode.c.objc; path = CoreTextCell.m; sourceTree = "<group>"; };
/* End PBXFileReference section */

/* Begin PBXFrameworksBuildPhase section */
		97D03F161B2E8565001FB2C4 /* Frameworks */ = {
			isa = PBXFrameworksBuildPhase;
			buildActionMask = 2147483647;
			files = (
				97D03F491B2E8B53001FB2C4 /* CoreText.framework in Frameworks */,
			);
			runOnlyForDeploymentPostprocessing = 0;
		};
		97D03F2F1B2E8565001FB2C4 /* Frameworks */ = {
			isa = PBXFrameworksBuildPhase;
			buildActionMask = 2147483647;
			files = (
			);
			runOnlyForDeploymentPostprocessing = 0;
		};
/* End PBXFrameworksBuildPhase section */

/* Begin PBXGroup section */
		97D03F101B2E8565001FB2C4 = {
			isa = PBXGroup;
			children = (
				97D03F481B2E8B53001FB2C4 /* CoreText.framework */,
				97D03F1B1B2E8565001FB2C4 /* CoreTextDemo */,
				97D03F351B2E8565001FB2C4 /* CoreTextDemoTests */,
				97D03F1A1B2E8565001FB2C4 /* Products */,
			);
			sourceTree = "<group>";
		};
		97D03F1A1B2E8565001FB2C4 /* Products */ = {
			isa = PBXGroup;
			children = (
				97D03F191B2E8565001FB2C4 /* CoreTextDemo.app */,
				97D03F321B2E8565001FB2C4 /* CoreTextDemoTests.xctest */,
			);
			name = Products;
			sourceTree = "<group>";
		};
		97D03F1B1B2E8565001FB2C4 /* CoreTextDemo */ = {
			isa = PBXGroup;
			children = (
				97D03F201B2E8565001FB2C4 /* AppDelegate.h */,
				97D03F211B2E8565001FB2C4 /* AppDelegate.m */,
				97D03F231B2E8565001FB2C4 /* ViewController.h */,
				97D03F241B2E8565001FB2C4 /* ViewController.m */,
				97D03F421B2E8612001FB2C4 /* CommonCell.h */,
				97D03F431B2E8612001FB2C4 /* CommonCell.m */,
				97D03F4A1B2E9971001FB2C4 /* CoreTextCell.h */,
				97D03F4B1B2E9971001FB2C4 /* CoreTextCell.m */,
				97D03F451B2E886C001FB2C4 /* CoreTextView.h */,
				97D03F461B2E886C001FB2C4 /* CoreTextView.m */,
				97D03F261B2E8565001FB2C4 /* Main.storyboard */,
				97D03F291B2E8565001FB2C4 /* Images.xcassets */,
				97D03F2B1B2E8565001FB2C4 /* LaunchScreen.xib */,
				97D03F1C1B2E8565001FB2C4 /* Supporting Files */,
			);
			path = CoreTextDemo;
			sourceTree = "<group>";
		};
		97D03F1C1B2E8565001FB2C4 /* Supporting Files */ = {
			isa = PBXGroup;
			children = (
				97D03F1D1B2E8565001FB2C4 /* Info.plist */,
				97D03F1E1B2E8565001FB2C4 /* main.m */,
			);
			name = "Supporting Files";
			sourceTree = "<group>";
		};
		97D03F351B2E8565001FB2C4 /* CoreTextDemoTests */ = {
			isa = PBXGroup;
			children = (
				97D03F381B2E8565001FB2C4 /* CoreTextDemoTests.m */,
				97D03F361B2E8565001FB2C4 /* Supporting Files */,
			);
			path = CoreTextDemoTests;
			sourceTree = "<group>";
		};
		97D03F361B2E8565001FB2C4 /* Supporting Files */ = {
			isa = PBXGroup;
			children = (
				97D03F371B2E8565001FB2C4 /* Info.plist */,
			);
			name = "Supporting Files";
			sourceTree = "<group>";
		};
/* End PBXGroup section */

/* Begin PBXNativeTarget section */
		97D03F181B2E8565001FB2C4 /* CoreTextDemo */ = {
			isa = PBXNativeTarget;
			buildConfigurationList = 97D03F3C1B2E8565001FB2C4 /* Build configuration list for PBXNativeTarget "CoreTextDemo" */;
			buildPhases = (
				97D03F151B2E8565001FB2C4 /* Sources */,
				97D03F161B2E8565001FB2C4 /* Frameworks */,
				97D03F171B2E8565001FB2C4 /* Resources */,
			);
			buildRules = (
			);
			dependencies = (
			);
			name = CoreTextDemo;
			productName = CoreTextDemo;
			productReference = 97D03F191B2E8565001FB2C4 /* CoreTextDemo.app */;
			productType = "com.apple.product-type.application";
		};
		97D03F311B2E8565001FB2C4 /* CoreTextDemoTests */ = {
			isa = PBXNativeTarget;
			buildConfigurationList = 97D03F3F1B2E8565001FB2C4 /* Build configuration list for PBXNativeTarget "CoreTextDemoTests" */;
			buildPhases = (
				97D03F2E1B2E8565001FB2C4 /* Sources */,
				97D03F2F1B2E8565001FB2C4 /* Frameworks */,
				97D03F301B2E8565001FB2C4 /* Resources */,
			);
			buildRules = (
			);
			dependencies = (
				97D03F341B2E8565001FB2C4 /* PBXTargetDependency */,
			);
			name = CoreTextDemoTests;
			productName = CoreTextDemoTests;
			productReference = 97D03F321B2E8565001FB2C4 /* CoreTextDemoTests.xctest */;
			productType = "com.apple.product-type.bundle.unit-test";
		};
/* End PBXNativeTarget section */

/* Begin PBXProject section */
		97D03F111B2E8565001FB2C4 /* Project object */ = {
			isa = PBXProject;
			attributes = {
				LastUpgradeCheck = 0630;
				ORGANIZATIONNAME = August;
				TargetAttributes = {
					97D03F181B2E8565001FB2C4 = {
						CreatedOnToolsVersion = 6.3.2;
					};
					97D03F311B2E8565001FB2C4 = {
						CreatedOnToolsVersion = 6.3.2;
						TestTargetID = 97D03F181B2E8565001FB2C4;
					};
				};
			};
			buildConfigurationList = 97D03F141B2E8565001FB2C4 /* Build configuration list for PBXProject "CoreTextDemo" */;
			compatibilityVersion = "Xcode 3.2";
			developmentRegion = English;
			hasScannedForEncodings = 0;
			knownRegions = (
				en,
				Base,
			);
			mainGroup = 97D03F101B2E8565001FB2C4;
			productRefGroup = 97D03F1A1B2E8565001FB2C4 /* Products */;
			projectDirPath = "";
			projectRoot = "";
			targets = (
				97D03F181B2E8565001FB2C4 /* CoreTextDemo */,
				97D03F311B2E8565001FB2C4 /* CoreTextDemoTests */,
			);
		};
/* End PBXProject section */

/* Begin PBXResourcesBuildPhase section */
		97D03F171B2E8565001FB2C4 /* Resources */ = {
			isa = PBXResourcesBuildPhase;
			buildActionMask = 2147483647;
			files = (
				97D03F281B2E8565001FB2C4 /* Main.storyboard in Resources */,
				97D03F2D1B2E8565001FB2C4 /* LaunchScreen.xib in Resources */,
				97D03F2A1B2E8565001FB2C4 /* Images.xcassets in Resources */,
			);
			runOnlyForDeploymentPostprocessing = 0;
		};
		97D03F301B2E8565001FB2C4 /* Resources */ = {
			isa = PBXResourcesBuildPhase;
			buildActionMask = 2147483647;
			files = (
			);
			runOnlyForDeploymentPostprocessing = 0;
		};
/* End PBXResourcesBuildPhase section */

/* Begin PBXSourcesBuildPhase section */
		97D03F151B2E8565001FB2C4 /* Sources */ = {
			isa = PBXSourcesBuildPhase;
			buildActionMask = 2147483647;
			files = (
				97D03F471B2E886C001FB2C4 /* CoreTextView.m in Sources */,
				97D03F441B2E8612001FB2C4 /* CommonCell.m in Sources */,
				97D03F251B2E8565001FB2C4 /* ViewController.m in Sources */,
				97D03F221B2E8565001FB2C4 /* AppDelegate.m in Sources */,
				97D03F1F1B2E8565001FB2C4 /* main.m in Sources */,
				97D03F4C1B2E9971001FB2C4 /* CoreTextCell.m in Sources */,
			);
			runOnlyForDeploymentPostprocessing = 0;
		};
		97D03F2E1B2E8565001FB2C4 /* Sources */ = {
			isa = PBXSourcesBuildPhase;
			buildActionMask = 2147483647;
			files = (
				97D03F391B2E8565001FB2C4 /* CoreTextDemoTests.m in Sources */,
			);
			runOnlyForDeploymentPostprocessing = 0;
		};
/* End PBXSourcesBuildPhase section */

/* Begin PBXTargetDependency section */
		97D03F341B2E8565001FB2C4 /* PBXTargetDependency */ = {
			isa = PBXTargetDependency;
			target = 97D03F181B2E8565001FB2C4 /* CoreTextDemo */;
			targetProxy = 97D03F331B2E8565001FB2C4 /* PBXContainerItemProxy */;
		};
/* End PBXTargetDependency section */

/* Begin PBXVariantGroup section */
		97D03F261B2E8565001FB2C4 /* Main.storyboard */ = {
			isa = PBXVariantGroup;
			children = (
				97D03F271B2E8565001FB2C4 /* Base */,
			);
			name = Main.storyboard;
			sourceTree = "<group>";
		};
		97D03F2B1B2E8565001FB2C4 /* LaunchScreen.xib */ = {
			isa = PBXVariantGroup;
			children = (
				97D03F2C1B2E8565001FB2C4 /* Base */,
			);
			name = LaunchScreen.xib;
			sourceTree = "<group>";
		};
/* End PBXVariantGroup section */

/* Begin XCBuildConfiguration section */
		97D03F3A1B2E8565001FB2C4 /* Debug */ = {
			isa = XCBuildConfiguration;
			buildSettings = {
				ALWAYS_SEARCH_USER_PATHS = NO;
				CLANG_CXX_LANGUAGE_STANDARD = "gnu++0x";
				CLANG_CXX_LIBRARY = "libc++";
				CLANG_ENABLE_MODULES = YES;
				CLANG_ENABLE_OBJC_ARC = YES;
				CLANG_WARN_BOOL_CONVERSION = YES;
				CLANG_WARN_CONSTANT_CONVERSION = YES;
				CLANG_WARN_DIRECT_OBJC_ISA_USAGE = YES_ERROR;
				CLANG_WARN_EMPTY_BODY = YES;
				CLANG_WARN_ENUM_CONVERSION = YES;
				CLANG_WARN_INT_CONVERSION = YES;
				CLANG_WARN_OBJC_ROOT_CLASS = YES_ERROR;
				CLANG_WARN_UNREACHABLE_CODE = YES;
				CLANG_WARN__DUPLICATE_METHOD_MATCH = YES;
				"CODE_SIGN_IDENTITY[sdk=iphoneos*]" = "iPhone Developer";
				COPY_PHASE_STRIP = NO;
				DEBUG_INFORMATION_FORMAT = "dwarf-with-dsym";
				ENABLE_STRICT_OBJC_MSGSEND = YES;
				GCC_C_LANGUAGE_STANDARD = gnu99;
				GCC_DYNAMIC_NO_PIC = NO;
				GCC_NO_COMMON_BLOCKS = YES;
				GCC_OPTIMIZATION_LEVEL = 0;
				GCC_PREPROCESSOR_DEFINITIONS = (
					"DEBUG=1",
					"$(inherited)",
				);
				GCC_SYMBOLS_PRIVATE_EXTERN = NO;
				GCC_WARN_64_TO_32_BIT_CONVERSION = YES;
				GCC_WARN_ABOUT_RETURN_TYPE = YES_ERROR;
				GCC_WARN_UNDECLARED_SELECTOR = YES;
				GCC_WARN_UNINITIALIZED_AUTOS = YES_AGGRESSIVE;
				GCC_WARN_UNUSED_FUNCTION = YES;
				GCC_WARN_UNUSED_VARIABLE = YES;
				IPHONEOS_DEPLOYMENT_TARGET = 8.3;
				MTL_ENABLE_DEBUG_INFO = YES;
				ONLY_ACTIVE_ARCH = YES;
				SDKROOT = iphoneos;
			};
			name = Debug;
		};
		97D03F3B1B2E8565001FB2C4 /* Release */ = {
			isa = XCBuildConfiguration;
			buildSettings = {
				ALWAYS_SEARCH_USER_PATHS = NO;
				CLANG_CXX_LANGUAGE_STANDARD = "gnu++0x";
				CLANG_CXX_LIBRARY = "libc++";
				CLANG_ENABLE_MODULES = YES;
				CLANG_ENABLE_OBJC_ARC = YES;
				CLANG_WARN_BOOL_CONVERSION = YES;
				CLANG_WARN_CONSTANT_CONVERSION = YES;
				CLANG_WARN_DIRECT_OBJC_ISA_USAGE = YES_ERROR;
				CLANG_WARN_EMPTY_BODY = YES;
				CLANG_WARN_ENUM_CONVERSION = YES;
				CLANG_WARN_INT_CONVERSION = YES;
				CLANG_WARN_OBJC_ROOT_CLASS = YES_ERROR;
				CLANG_WARN_UNREACHABLE_CODE = YES;
				CLANG_WARN__DUPLICATE_METHOD_MATCH = YES;
				"CODE_SIGN_IDENTITY[sdk=iphoneos*]" = "iPhone Developer";
				COPY_PHASE_STRIP = NO;
				DEBUG_INFORMATION_FORMAT = "dwarf-with-dsym";
				ENABLE_NS_ASSERTIONS = NO;
				ENABLE_STRICT_OBJC_MSGSEND = YES;
				GCC_C_LANGUAGE_STANDARD = gnu99;
				GCC_NO_COMMON_BLOCKS = YES;
				GCC_WARN_64_TO_32_BIT_CONVERSION = YES;
				GCC_WARN_ABOUT_RETURN_TYPE = YES_ERROR;
				GCC_WARN_UNDECLARED_SELECTOR = YES;
				GCC_WARN_UNINITIALIZED_AUTOS = YES_AGGRESSIVE;
				GCC_WARN_UNUSED_FUNCTION = YES;
				GCC_WARN_UNUSED_VARIABLE = YES;
				IPHONEOS_DEPLOYMENT_TARGET = 8.3;
				MTL_ENABLE_DEBUG_INFO = NO;
				SDKROOT = iphoneos;
				VALIDATE_PRODUCT = YES;
			};
			name = Release;
		};
		97D03F3D1B2E8565001FB2C4 /* Debug */ = {
			isa = XCBuildConfiguration;
			buildSettings = {
				ASSETCATALOG_COMPILER_APPICON_NAME = AppIcon;
				INFOPLIST_FILE = CoreTextDemo/Info.plist;
				IPHONEOS_DEPLOYMENT_TARGET = 7.0;
				LD_RUNPATH_SEARCH_PATHS = "$(inherited) @executable_path/Frameworks";
				PRODUCT_NAME = "$(TARGET_NAME)";
			};
			name = Debug;
		};
		97D03F3E1B2E8565001FB2C4 /* Release */ = {
			isa = XCBuildConfiguration;
			buildSettings = {
				ASSETCATALOG_COMPILER_APPICON_NAME = AppIcon;
				INFOPLIST_FILE = CoreTextDemo/Info.plist;
				IPHONEOS_DEPLOYMENT_TARGET = 7.0;
				LD_RUNPATH_SEARCH_PATHS = "$(inherited) @executable_path/Frameworks";
				PRODUCT_NAME = "$(TARGET_NAME)";
			};
			name = Release;
		};
		97D03F401B2E8565001FB2C4 /* Debug */ = {
			isa = XCBuildConfiguration;
			buildSettings = {
				BUNDLE_LOADER = "$(TEST_HOST)";
				FRAMEWORK_SEARCH_PATHS = (
					"$(SDKROOT)/Developer/Library/Frameworks",
					"$(inherited)",
				);
				GCC_PREPROCESSOR_DEFINITIONS = (
					"DEBUG=1",
					"$(inherited)",
				);
				INFOPLIST_FILE = CoreTextDemoTests/Info.plist;
				LD_RUNPATH_SEARCH_PATHS = "$(inherited) @executable_path/Frameworks @loader_path/Frameworks";
				PRODUCT_NAME = "$(TARGET_NAME)";
				TEST_HOST = "$(BUILT_PRODUCTS_DIR)/CoreTextDemo.app/CoreTextDemo";
			};
			name = Debug;
		};
		97D03F411B2E8565001FB2C4 /* Release */ = {
			isa = XCBuildConfiguration;
			buildSettings = {
				BUNDLE_LOADER = "$(TEST_HOST)";
				FRAMEWORK_SEARCH_PATHS = (
					"$(SDKROOT)/Developer/Library/Frameworks",
					"$(inherited)",
				);
				INFOPLIST_FILE = CoreTextDemoTests/Info.plist;
				LD_RUNPATH_SEARCH_PATHS = "$(inherited) @executable_path/Frameworks @loader_path/Frameworks";
				PRODUCT_NAME = "$(TARGET_NAME)";
				TEST_HOST = "$(BUILT_PRODUCTS_DIR)/CoreTextDemo.app/CoreTextDemo";
			};
			name = Release;
		};
/* End XCBuildConfiguration section */

/* Begin XCConfigurationList section */
		97D03F141B2E8565001FB2C4 /* Build configuration list for PBXProject "CoreTextDemo" */ = {
			isa = XCConfigurationList;
			buildConfigurations = (
				97D03F3A1B2E8565001FB2C4 /* Debug */,
				97D03F3B1B2E8565001FB2C4 /* Release */,
			);
			defaultConfigurationIsVisible = 0;
			defaultConfigurationName = Release;
		};
		97D03F3C1B2E8565001FB2C4 /* Build configuration list for PBXNativeTarget "CoreTextDemo" */ = {
			isa = XCConfigurationList;
			buildConfigurations = (
				97D03F3D1B2E8565001FB2C4 /* Debug */,
				97D03F3E1B2E8565001FB2C4 /* Release */,
			);
			defaultConfigurationIsVisible = 0;
		};
		97D03F3F1B2E8565001FB2C4 /* Build configuration list for PBXNativeTarget "CoreTextDemoTests" */ = {
			isa = XCConfigurationList;
			buildConfigurations = (
				97D03F401B2E8565001FB2C4 /* Debug */,
				97D03F411B2E8565001FB2C4 /* Release */,
			);
			defaultConfigurationIsVisible = 0;
		};
/* End XCConfigurationList section */
	};
	rootObject = 97D03F111B2E8565001FB2C4 /* Project object */;
}
